
Microsoft Visual Studio Solution File, Format Version 12.00
# Visual Studio 15
VisualStudioVersion = 15.0.26730.10
MinimumVisualStudioVersion = 10.0.40219.1

Project("{6EC3EE1D-3C4E-46DD-8F32-0CC8E7565705}") = "CocoActionConverter", "CocoActionConverter\CocoActionConverter.fsproj", "{5A5D2715-4E6D-42FA-A316-6BCD1E19B0DB}"
EndProject


Project("{F2A71F9B-5D33-465A-A702-920D77279786}") = "CocoActionConverter.Gtk", "CocoActionConverter.Gtk\CocoActionConverter.Gtk.fsproj", "{1407023A-C26D-4343-B98B-1983DCCFAB0F}"
EndProject



Project("{F2A71F9B-5D33-465A-A702-920D77279786}") = "CocoActionConverter.WPF", "CocoActionConverter.WPF\CocoActionConverter.WPF.fsproj", "{0C97035C-0D06-431E-849C-D9556A4596F1}"
EndProject
Project("{F2A71F9B-5D33-465A-A702-920D77279786}") = "CocoActionConverter.Parser", "CocoActionConverter.Parser\CocoActionConverter.Parser.fsproj", "{59655D7B-2671-48C1-8308-58C7A6AE4ADC}"
EndProject
Project("{F2A71F9B-5D33-465A-A702-920D77279786}") = "CocoActionConverter.Web", "CocoActionConverter.Web\CocoActionConverter.Web.fsproj", "{982DB1E1-F829-4783-9F77-CB6C37B515B7}"
EndProject


Global
	GlobalSection(SolutionConfigurationPlatforms) = preSolution
		Ad-Hoc|Any CPU = Ad-Hoc|Any CPU
		Ad-Hoc|ARM = Ad-Hoc|ARM
		Ad-Hoc|iPhone = Ad-Hoc|iPhone
		Ad-Hoc|iPhoneSimulator = Ad-Hoc|iPhoneSimulator
		Ad-Hoc|x64 = Ad-Hoc|x64
		Ad-Hoc|x86 = Ad-Hoc|x86
		AppStore|Any CPU = AppStore|Any CPU
		AppStore|ARM = AppStore|ARM
		AppStore|iPhone = AppStore|iPhone
		AppStore|iPhoneSimulator = AppStore|iPhoneSimulator
		AppStore|x64 = AppStore|x64
		AppStore|x86 = AppStore|x86
		Debug|Any CPU = Debug|Any CPU
		Debug|ARM = Debug|ARM
		Debug|iPhone = Debug|iPhone
		Debug|iPhoneSimulator = Debug|iPhoneSimulator
		Debug|x64 = Debug|x64
		Debug|x86 = Debug|x86
		Release|Any CPU = Release|Any CPU
		Release|ARM = Release|ARM
		Release|iPhone = Release|iPhone
		Release|iPhoneSimulator = Release|iPhoneSimulator
		Release|x64 = Release|x64
		Release|x86 = Release|x86
	EndGlobalSection
	GlobalSection(ProjectConfigurationPlatforms) = postSolution
		{5A5D2715-4E6D-42FA-A316-6BCD1E19B0DB}.Ad-Hoc|Any CPU.ActiveCfg = Debug|Any CPU
		{5A5D2715-4E6D-42FA-A316-6BCD1E19B0DB}.Ad-Hoc|Any CPU.Build.0 = Debug|Any CPU
		{5A5D2715-4E6D-42FA-A316-6BCD1E19B0DB}.Ad-Hoc|ARM.ActiveCfg = Debug|Any CPU
		{5A5D2715-4E6D-42FA-A316-6BCD1E19B0DB}.Ad-Hoc|ARM.Build.0 = Debug|Any CPU
		{5A5D2715-4E6D-42FA-A316-6BCD1E19B0DB}.Ad-Hoc|iPhone.ActiveCfg = Debug|Any CPU
		{5A5D2715-4E6D-42FA-A316-6BCD1E19B0DB}.Ad-Hoc|iPhone.Build.0 = Debug|Any CPU
		{5A5D2715-4E6D-42FA-A316-6BCD1E19B0DB}.Ad-Hoc|iPhoneSimulator.ActiveCfg = Debug|Any CPU
		{5A5D2715-4E6D-42FA-A316-6BCD1E19B0DB}.Ad-Hoc|iPhoneSimulator.Build.0 = Debug|Any CPU
		{5A5D2715-4E6D-42FA-A316-6BCD1E19B0DB}.Ad-Hoc|x64.ActiveCfg = Debug|Any CPU
		{5A5D2715-4E6D-42FA-A316-6BCD1E19B0DB}.Ad-Hoc|x64.Build.0 = Debug|Any CPU
		{5A5D2715-4E6D-42FA-A316-6BCD1E19B0DB}.Ad-Hoc|x86.ActiveCfg = Debug|Any CPU
		{5A5D2715-4E6D-42FA-A316-6BCD1E19B0DB}.Ad-Hoc|x86.Build.0 = Debug|Any CPU
		{5A5D2715-4E6D-42FA-A316-6BCD1E19B0DB}.AppStore|Any CPU.ActiveCfg = Debug|Any CPU
		{5A5D2715-4E6D-42FA-A316-6BCD1E19B0DB}.AppStore|Any CPU.Build.0 = Debug|Any CPU
		{5A5D2715-4E6D-42FA-A316-6BCD1E19B0DB}.AppStore|ARM.ActiveCfg = Debug|Any CPU
		{5A5D2715-4E6D-42FA-A316-6BCD1E19B0DB}.AppStore|ARM.Build.0 = Debug|Any CPU
		{5A5D2715-4E6D-42FA-A316-6BCD1E19B0DB}.AppStore|iPhone.ActiveCfg = Debug|Any CPU
		{5A5D2715-4E6D-42FA-A316-6BCD1E19B0DB}.AppStore|iPhone.Build.0 = Debug|Any CPU
		{5A5D2715-4E6D-42FA-A316-6BCD1E19B0DB}.AppStore|iPhoneSimulator.ActiveCfg = Debug|Any CPU
		{5A5D2715-4E6D-42FA-A316-6BCD1E19B0DB}.AppStore|iPhoneSimulator.Build.0 = Debug|Any CPU
		{5A5D2715-4E6D-42FA-A316-6BCD1E19B0DB}.AppStore|x64.ActiveCfg = Debug|Any CPU
		{5A5D2715-4E6D-42FA-A316-6BCD1E19B0DB}.AppStore|x64.Build.0 = Debug|Any CPU
		{5A5D2715-4E6D-42FA-A316-6BCD1E19B0DB}.AppStore|x86.ActiveCfg = Debug|Any CPU
		{5A5D2715-4E6D-42FA-A316-6BCD1E19B0DB}.AppStore|x86.Build.0 = Debug|Any CPU
		{5A5D2715-4E6D-42FA-A316-6BCD1E19B0DB}.Debug|Any CPU.ActiveCfg = Debug|Any CPU
		{5A5D2715-4E6D-42FA-A316-6BCD1E19B0DB}.Debug|Any CPU.Build.0 = Debug|Any CPU
		{5A5D2715-4E6D-42FA-A316-6BCD1E19B0DB}.Debug|ARM.ActiveCfg = Debug|Any CPU
		{5A5D2715-4E6D-42FA-A316-6BCD1E19B0DB}.Debug|ARM.Build.0 = Debug|Any CPU
		{5A5D2715-4E6D-42FA-A316-6BCD1E19B0DB}.Debug|iPhone.ActiveCfg = Debug|Any CPU
		{5A5D2715-4E6D-42FA-A316-6BCD1E19B0DB}.Debug|iPhone.Build.0 = Debug|Any CPU
		{5A5D2715-4E6D-42FA-A316-6BCD1E19B0DB}.Debug|iPhoneSimulator.ActiveCfg = Debug|Any CPU
		{5A5D2715-4E6D-42FA-A316-6BCD1E19B0DB}.Debug|iPhoneSimulator.Build.0 = Debug|Any CPU
		{5A5D2715-4E6D-42FA-A316-6BCD1E19B0DB}.Debug|x64.ActiveCfg = Debug|Any CPU
		{5A5D2715-4E6D-42FA-A316-6BCD1E19B0DB}.Debug|x64.Build.0 = Debug|Any CPU
		{5A5D2715-4E6D-42FA-A316-6BCD1E19B0DB}.Debug|x86.ActiveCfg = Debug|Any CPU
		{5A5D2715-4E6D-42FA-A316-6BCD1E19B0DB}.Debug|x86.Build.0 = Debug|Any CPU
		{5A5D2715-4E6D-42FA-A316-6BCD1E19B0DB}.Release|Any CPU.ActiveCfg = Release|Any CPU
		{5A5D2715-4E6D-42FA-A316-6BCD1E19B0DB}.Release|Any CPU.Build.0 = Release|Any CPU
		{5A5D2715-4E6D-42FA-A316-6BCD1E19B0DB}.Release|ARM.ActiveCfg = Release|Any CPU
		{5A5D2715-4E6D-42FA-A316-6BCD1E19B0DB}.Release|ARM.Build.0 = Release|Any CPU
		{5A5D2715-4E6D-42FA-A316-6BCD1E19B0DB}.Release|iPhone.ActiveCfg = Release|Any CPU
		{5A5D2715-4E6D-42FA-A316-6BCD1E19B0DB}.Release|iPhone.Build.0 = Release|Any CPU
		{5A5D2715-4E6D-42FA-A316-6BCD1E19B0DB}.Release|iPhoneSimulator.ActiveCfg = Release|Any CPU
		{5A5D2715-4E6D-42FA-A316-6BCD1E19B0DB}.Release|iPhoneSimulator.Build.0 = Release|Any CPU
		{5A5D2715-4E6D-42FA-A316-6BCD1E19B0DB}.Release|x64.ActiveCfg = Release|Any CPU
		{5A5D2715-4E6D-42FA-A316-6BCD1E19B0DB}.Release|x64.Build.0 = Release|Any CPU
		{5A5D2715-4E6D-42FA-A316-6BCD1E19B0DB}.Release|x86.ActiveCfg = Release|Any CPU
		{5A5D2715-4E6D-42FA-A316-6BCD1E19B0DB}.Release|x86.Build.0 = Release|Any CPU
		{6B42F4E9-0419-4C07-A9F3-2926C5474AE9}.Ad-Hoc|Any CPU.ActiveCfg = Ad-Hoc|iPhone
		{6B42F4E9-0419-4C07-A9F3-2926C5474AE9}.Ad-Hoc|ARM.ActiveCfg = Ad-Hoc|iPhone
		{6B42F4E9-0419-4C07-A9F3-2926C5474AE9}.Ad-Hoc|iPhone.ActiveCfg = Ad-Hoc|iPhone
		{6B42F4E9-0419-4C07-A9F3-2926C5474AE9}.Ad-Hoc|iPhone.Build.0 = Ad-Hoc|iPhone
		{6B42F4E9-0419-4C07-A9F3-2926C5474AE9}.Ad-Hoc|iPhoneSimulator.ActiveCfg = Ad-Hoc|iPhoneSimulator
		{6B42F4E9-0419-4C07-A9F3-2926C5474AE9}.Ad-Hoc|iPhoneSimulator.Build.0 = Ad-Hoc|iPhoneSimulator
		{6B42F4E9-0419-4C07-A9F3-2926C5474AE9}.Ad-Hoc|x64.ActiveCfg = Ad-Hoc|iPhone
		{6B42F4E9-0419-4C07-A9F3-2926C5474AE9}.Ad-Hoc|x86.ActiveCfg = Ad-Hoc|iPhone
		{6B42F4E9-0419-4C07-A9F3-2926C5474AE9}.AppStore|Any CPU.ActiveCfg = AppStore|iPhone
		{6B42F4E9-0419-4C07-A9F3-2926C5474AE9}.AppStore|ARM.ActiveCfg = AppStore|iPhone
		{6B42F4E9-0419-4C07-A9F3-2926C5474AE9}.AppStore|iPhone.ActiveCfg = AppStore|iPhone
		{6B42F4E9-0419-4C07-A9F3-2926C5474AE9}.AppStore|iPhone.Build.0 = AppStore|iPhone
		{6B42F4E9-0419-4C07-A9F3-2926C5474AE9}.AppStore|iPhoneSimulator.ActiveCfg = AppStore|iPhoneSimulator
		{6B42F4E9-0419-4C07-A9F3-2926C5474AE9}.AppStore|iPhoneSimulator.Build.0 = AppStore|iPhoneSimulator
		{6B42F4E9-0419-4C07-A9F3-2926C5474AE9}.AppStore|x64.ActiveCfg = AppStore|iPhone
		{6B42F4E9-0419-4C07-A9F3-2926C5474AE9}.AppStore|x86.ActiveCfg = AppStore|iPhone
		{6B42F4E9-0419-4C07-A9F3-2926C5474AE9}.Debug|Any CPU.ActiveCfg = Debug|iPhone
		{6B42F4E9-0419-4C07-A9F3-2926C5474AE9}.Debug|ARM.ActiveCfg = Debug|iPhone
		{6B42F4E9-0419-4C07-A9F3-2926C5474AE9}.Debug|iPhone.ActiveCfg = Debug|iPhone
		{6B42F4E9-0419-4C07-A9F3-2926C5474AE9}.Debug|iPhone.Build.0 = Debug|iPhone
		{6B42F4E9-0419-4C07-A9F3-2926C5474AE9}.Debug|iPhoneSimulator.ActiveCfg = Debug|iPhoneSimulator
		{6B42F4E9-0419-4C07-A9F3-2926C5474AE9}.Debug|iPhoneSimulator.Build.0 = Debug|iPhoneSimulator
		{6B42F4E9-0419-4C07-A9F3-2926C5474AE9}.Debug|x64.ActiveCfg = Debug|iPhone
		{6B42F4E9-0419-4C07-A9F3-2926C5474AE9}.Debug|x86.ActiveCfg = Debug|iPhone
		{6B42F4E9-0419-4C07-A9F3-2926C5474AE9}.Release|Any CPU.ActiveCfg = Release|iPhone
		{6B42F4E9-0419-4C07-A9F3-2926C5474AE9}.Release|ARM.ActiveCfg = Release|iPhone
		{6B42F4E9-0419-4C07-A9F3-2926C5474AE9}.Release|iPhone.ActiveCfg = Release|iPhone
		{6B42F4E9-0419-4C07-A9F3-2926C5474AE9}.Release|iPhone.Build.0 = Release|iPhone
		{6B42F4E9-0419-4C07-A9F3-2926C5474AE9}.Release|iPhoneSimulator.ActiveCfg = Release|iPhoneSimulator
		{6B42F4E9-0419-4C07-A9F3-2926C5474AE9}.Release|iPhoneSimulator.Build.0 = Release|iPhoneSimulator
		{6B42F4E9-0419-4C07-A9F3-2926C5474AE9}.Release|x64.ActiveCfg = Release|iPhone
		{6B42F4E9-0419-4C07-A9F3-2926C5474AE9}.Release|x86.ActiveCfg = Release|iPhone
		{FBE228A1-B6BB-4946-8164-B39198E67E55}.Ad-Hoc|Any CPU.ActiveCfg = Release|x86
		{FBE228A1-B6BB-4946-8164-B39198E67E55}.Ad-Hoc|Any CPU.Build.0 = Release|x86
		{FBE228A1-B6BB-4946-8164-B39198E67E55}.Ad-Hoc|Any CPU.Deploy.0 = Release|x86
		{FBE228A1-B6BB-4946-8164-B39198E67E55}.Ad-Hoc|ARM.ActiveCfg = Release|ARM
		{FBE228A1-B6BB-4946-8164-B39198E67E55}.Ad-Hoc|ARM.Build.0 = Release|ARM
		{FBE228A1-B6BB-4946-8164-B39198E67E55}.Ad-Hoc|ARM.Deploy.0 = Release|ARM
		{FBE228A1-B6BB-4946-8164-B39198E67E55}.Ad-Hoc|iPhone.ActiveCfg = Release|x86
		{FBE228A1-B6BB-4946-8164-B39198E67E55}.Ad-Hoc|iPhone.Build.0 = Release|x86
		{FBE228A1-B6BB-4946-8164-B39198E67E55}.Ad-Hoc|iPhone.Deploy.0 = Release|x86
		{FBE228A1-B6BB-4946-8164-B39198E67E55}.Ad-Hoc|iPhoneSimulator.ActiveCfg = Release|x86
		{FBE228A1-B6BB-4946-8164-B39198E67E55}.Ad-Hoc|iPhoneSimulator.Build.0 = Release|x86
		{FBE228A1-B6BB-4946-8164-B39198E67E55}.Ad-Hoc|iPhoneSimulator.Deploy.0 = Release|x86
		{FBE228A1-B6BB-4946-8164-B39198E67E55}.Ad-Hoc|x64.ActiveCfg = Release|x64
		{FBE228A1-B6BB-4946-8164-B39198E67E55}.Ad-Hoc|x64.Build.0 = Release|x64
		{FBE228A1-B6BB-4946-8164-B39198E67E55}.Ad-Hoc|x64.Deploy.0 = Release|x64
		{FBE228A1-B6BB-4946-8164-B39198E67E55}.Ad-Hoc|x86.ActiveCfg = Release|x86
		{FBE228A1-B6BB-4946-8164-B39198E67E55}.Ad-Hoc|x86.Build.0 = Release|x86
		{FBE228A1-B6BB-4946-8164-B39198E67E55}.Ad-Hoc|x86.Deploy.0 = Release|x86
		{FBE228A1-B6BB-4946-8164-B39198E67E55}.AppStore|Any CPU.ActiveCfg = Release|x86
		{FBE228A1-B6BB-4946-8164-B39198E67E55}.AppStore|Any CPU.Build.0 = Release|x86
		{FBE228A1-B6BB-4946-8164-B39198E67E55}.AppStore|Any CPU.Deploy.0 = Release|x86
		{FBE228A1-B6BB-4946-8164-B39198E67E55}.AppStore|ARM.ActiveCfg = Release|ARM
		{FBE228A1-B6BB-4946-8164-B39198E67E55}.AppStore|ARM.Build.0 = Release|ARM
		{FBE228A1-B6BB-4946-8164-B39198E67E55}.AppStore|ARM.Deploy.0 = Release|ARM
		{FBE228A1-B6BB-4946-8164-B39198E67E55}.AppStore|iPhone.ActiveCfg = Release|x86
		{FBE228A1-B6BB-4946-8164-B39198E67E55}.AppStore|iPhone.Build.0 = Release|x86
		{FBE228A1-B6BB-4946-8164-B39198E67E55}.AppStore|iPhone.Deploy.0 = Release|x86
		{FBE228A1-B6BB-4946-8164-B39198E67E55}.AppStore|iPhoneSimulator.ActiveCfg = Release|x86
		{FBE228A1-B6BB-4946-8164-B39198E67E55}.AppStore|iPhoneSimulator.Build.0 = Release|x86
		{FBE228A1-B6BB-4946-8164-B39198E67E55}.AppStore|iPhoneSimulator.Deploy.0 = Release|x86
		{FBE228A1-B6BB-4946-8164-B39198E67E55}.AppStore|x64.ActiveCfg = Release|x64
		{FBE228A1-B6BB-4946-8164-B39198E67E55}.AppStore|x64.Build.0 = Release|x64
		{FBE228A1-B6BB-4946-8164-B39198E67E55}.AppStore|x64.Deploy.0 = Release|x64
		{FBE228A1-B6BB-4946-8164-B39198E67E55}.AppStore|x86.ActiveCfg = Release|x86
		{FBE228A1-B6BB-4946-8164-B39198E67E55}.AppStore|x86.Build.0 = Release|x86
		{FBE228A1-B6BB-4946-8164-B39198E67E55}.AppStore|x86.Deploy.0 = Release|x86
		{FBE228A1-B6BB-4946-8164-B39198E67E55}.Debug|Any CPU.ActiveCfg = Debug|x86
		{FBE228A1-B6BB-4946-8164-B39198E67E55}.Debug|ARM.ActiveCfg = Debug|ARM
		{FBE228A1-B6BB-4946-8164-B39198E67E55}.Debug|ARM.Build.0 = Debug|ARM
		{FBE228A1-B6BB-4946-8164-B39198E67E55}.Debug|ARM.Deploy.0 = Debug|ARM
		{FBE228A1-B6BB-4946-8164-B39198E67E55}.Debug|iPhone.ActiveCfg = Debug|x86
		{FBE228A1-B6BB-4946-8164-B39198E67E55}.Debug|iPhoneSimulator.ActiveCfg = Debug|x86
		{FBE228A1-B6BB-4946-8164-B39198E67E55}.Debug|x64.ActiveCfg = Debug|x64
		{FBE228A1-B6BB-4946-8164-B39198E67E55}.Debug|x64.Build.0 = Debug|x64
		{FBE228A1-B6BB-4946-8164-B39198E67E55}.Debug|x64.Deploy.0 = Debug|x64
		{FBE228A1-B6BB-4946-8164-B39198E67E55}.Debug|x86.ActiveCfg = Debug|x86
		{FBE228A1-B6BB-4946-8164-B39198E67E55}.Debug|x86.Build.0 = Debug|x86
		{FBE228A1-B6BB-4946-8164-B39198E67E55}.Debug|x86.Deploy.0 = Debug|x86
		{FBE228A1-B6BB-4946-8164-B39198E67E55}.Release|Any CPU.ActiveCfg = Release|x86
		{FBE228A1-B6BB-4946-8164-B39198E67E55}.Release|ARM.ActiveCfg = Release|ARM
		{FBE228A1-B6BB-4946-8164-B39198E67E55}.Release|ARM.Build.0 = Release|ARM
		{FBE228A1-B6BB-4946-8164-B39198E67E55}.Release|ARM.Deploy.0 = Release|ARM
		{FBE228A1-B6BB-4946-8164-B39198E67E55}.Release|iPhone.ActiveCfg = Release|x86
		{FBE228A1-B6BB-4946-8164-B39198E67E55}.Release|iPhoneSimulator.ActiveCfg = Release|x86
		{FBE228A1-B6BB-4946-8164-B39198E67E55}.Release|x64.ActiveCfg = Release|x64
		{FBE228A1-B6BB-4946-8164-B39198E67E55}.Release|x64.Build.0 = Release|x64
		{FBE228A1-B6BB-4946-8164-B39198E67E55}.Release|x64.Deploy.0 = Release|x64
		{FBE228A1-B6BB-4946-8164-B39198E67E55}.Release|x86.ActiveCfg = Release|x86
		{FBE228A1-B6BB-4946-8164-B39198E67E55}.Release|x86.Build.0 = Release|x86
		{FBE228A1-B6BB-4946-8164-B39198E67E55}.Release|x86.Deploy.0 = Release|x86
		{3DC1DB00-08EB-4619-BEDE-AA5078A337A5}.Ad-Hoc|Any CPU.ActiveCfg = Release|Any CPU
		{3DC1DB00-08EB-4619-BEDE-AA5078A337A5}.Ad-Hoc|Any CPU.Build.0 = Release|Any CPU
		{3DC1DB00-08EB-4619-BEDE-AA5078A337A5}.Ad-Hoc|ARM.ActiveCfg = Release|Any CPU
		{3DC1DB00-08EB-4619-BEDE-AA5078A337A5}.Ad-Hoc|ARM.Build.0 = Release|Any CPU
		{3DC1DB00-08EB-4619-BEDE-AA5078A337A5}.Ad-Hoc|iPhone.ActiveCfg = Release|Any CPU
		{3DC1DB00-08EB-4619-BEDE-AA5078A337A5}.Ad-Hoc|iPhone.Build.0 = Release|Any CPU
		{3DC1DB00-08EB-4619-BEDE-AA5078A337A5}.Ad-Hoc|iPhoneSimulator.ActiveCfg = Release|Any CPU
		{3DC1DB00-08EB-4619-BEDE-AA5078A337A5}.Ad-Hoc|iPhoneSimulator.Build.0 = Release|Any CPU
		{3DC1DB00-08EB-4619-BEDE-AA5078A337A5}.Ad-Hoc|x64.ActiveCfg = Release|Any CPU
		{3DC1DB00-08EB-4619-BEDE-AA5078A337A5}.Ad-Hoc|x64.Build.0 = Release|Any CPU
		{3DC1DB00-08EB-4619-BEDE-AA5078A337A5}.Ad-Hoc|x86.ActiveCfg = Release|Any CPU
		{3DC1DB00-08EB-4619-BEDE-AA5078A337A5}.Ad-Hoc|x86.Build.0 = Release|Any CPU
		{3DC1DB00-08EB-4619-BEDE-AA5078A337A5}.AppStore|Any CPU.ActiveCfg = Release|Any CPU
		{3DC1DB00-08EB-4619-BEDE-AA5078A337A5}.AppStore|Any CPU.Build.0 = Release|Any CPU
		{3DC1DB00-08EB-4619-BEDE-AA5078A337A5}.AppStore|ARM.ActiveCfg = Release|Any CPU
		{3DC1DB00-08EB-4619-BEDE-AA5078A337A5}.AppStore|ARM.Build.0 = Release|Any CPU
		{3DC1DB00-08EB-4619-BEDE-AA5078A337A5}.AppStore|iPhone.ActiveCfg = Release|Any CPU
		{3DC1DB00-08EB-4619-BEDE-AA5078A337A5}.AppStore|iPhone.Build.0 = Release|Any CPU
		{3DC1DB00-08EB-4619-BEDE-AA5078A337A5}.AppStore|iPhoneSimulator.ActiveCfg = Release|Any CPU
		{3DC1DB00-08EB-4619-BEDE-AA5078A337A5}.AppStore|iPhoneSimulator.Build.0 = Release|Any CPU
		{3DC1DB00-08EB-4619-BEDE-AA5078A337A5}.AppStore|x64.ActiveCfg = Release|Any CPU
		{3DC1DB00-08EB-4619-BEDE-AA5078A337A5}.AppStore|x64.Build.0 = Release|Any CPU
		{3DC1DB00-08EB-4619-BEDE-AA5078A337A5}.AppStore|x86.ActiveCfg = Release|Any CPU
		{3DC1DB00-08EB-4619-BEDE-AA5078A337A5}.AppStore|x86.Build.0 = Release|Any CPU
		{3DC1DB00-08EB-4619-BEDE-AA5078A337A5}.Debug|Any CPU.ActiveCfg = Debug|Any CPU
		{3DC1DB00-08EB-4619-BEDE-AA5078A337A5}.Debug|Any CPU.Build.0 = Debug|Any CPU
		{3DC1DB00-08EB-4619-BEDE-AA5078A337A5}.Debug|ARM.ActiveCfg = Debug|Any CPU
		{3DC1DB00-08EB-4619-BEDE-AA5078A337A5}.Debug|ARM.Build.0 = Debug|Any CPU
		{3DC1DB00-08EB-4619-BEDE-AA5078A337A5}.Debug|iPhone.ActiveCfg = Debug|Any CPU
		{3DC1DB00-08EB-4619-BEDE-AA5078A337A5}.Debug|iPhone.Build.0 = Debug|Any CPU
		{3DC1DB00-08EB-4619-BEDE-AA5078A337A5}.Debug|iPhoneSimulator.ActiveCfg = Debug|Any CPU
		{3DC1DB00-08EB-4619-BEDE-AA5078A337A5}.Debug|iPhoneSimulator.Build.0 = Debug|Any CPU
		{3DC1DB00-08EB-4619-BEDE-AA5078A337A5}.Debug|x64.ActiveCfg = Debug|Any CPU
		{3DC1DB00-08EB-4619-BEDE-AA5078A337A5}.Debug|x64.Build.0 = Debug|Any CPU
		{3DC1DB00-08EB-4619-BEDE-AA5078A337A5}.Debug|x86.ActiveCfg = Debug|Any CPU
		{3DC1DB00-08EB-4619-BEDE-AA5078A337A5}.Debug|x86.Build.0 = Debug|Any CPU
		{3DC1DB00-08EB-4619-BEDE-AA5078A337A5}.Release|Any CPU.ActiveCfg = Release|Any CPU
		{3DC1DB00-08EB-4619-BEDE-AA5078A337A5}.Release|Any CPU.Build.0 = Release|Any CPU
		{3DC1DB00-08EB-4619-BEDE-AA5078A337A5}.Release|ARM.ActiveCfg = Release|Any CPU
		{3DC1DB00-08EB-4619-BEDE-AA5078A337A5}.Release|ARM.Build.0 = Release|Any CPU
		{3DC1DB00-08EB-4619-BEDE-AA5078A337A5}.Release|iPhone.ActiveCfg = Release|Any CPU
		{3DC1DB00-08EB-4619-BEDE-AA5078A337A5}.Release|iPhone.Build.0 = Release|Any CPU
		{3DC1DB00-08EB-4619-BEDE-AA5078A337A5}.Release|iPhoneSimulator.ActiveCfg = Release|Any CPU
		{3DC1DB00-08EB-4619-BEDE-AA5078A337A5}.Release|iPhoneSimulator.Build.0 = Release|Any CPU
		{3DC1DB00-08EB-4619-BEDE-AA5078A337A5}.Release|x64.ActiveCfg = Release|Any CPU
		{3DC1DB00-08EB-4619-BEDE-AA5078A337A5}.Release|x64.Build.0 = Release|Any CPU
		{3DC1DB00-08EB-4619-BEDE-AA5078A337A5}.Release|x86.ActiveCfg = Release|Any CPU
		{3DC1DB00-08EB-4619-BEDE-AA5078A337A5}.Release|x86.Build.0 = Release|Any CPU
		{0C97035C-0D06-431E-849C-D9556A4596F1}.Ad-Hoc|Any CPU.ActiveCfg = Release|Any CPU
		{0C97035C-0D06-431E-849C-D9556A4596F1}.Ad-Hoc|Any CPU.Build.0 = Release|Any CPU
		{0C97035C-0D06-431E-849C-D9556A4596F1}.Ad-Hoc|ARM.ActiveCfg = Release|Any CPU
		{0C97035C-0D06-431E-849C-D9556A4596F1}.Ad-Hoc|ARM.Build.0 = Release|Any CPU
		{0C97035C-0D06-431E-849C-D9556A4596F1}.Ad-Hoc|iPhone.ActiveCfg = Release|Any CPU
		{0C97035C-0D06-431E-849C-D9556A4596F1}.Ad-Hoc|iPhone.Build.0 = Release|Any CPU
		{0C97035C-0D06-431E-849C-D9556A4596F1}.Ad-Hoc|iPhoneSimulator.ActiveCfg = Release|Any CPU
		{0C97035C-0D06-431E-849C-D9556A4596F1}.Ad-Hoc|iPhoneSimulator.Build.0 = Release|Any CPU
		{0C97035C-0D06-431E-849C-D9556A4596F1}.Ad-Hoc|x64.ActiveCfg = Release|Any CPU
		{0C97035C-0D06-431E-849C-D9556A4596F1}.Ad-Hoc|x64.Build.0 = Release|Any CPU
		{0C97035C-0D06-431E-849C-D9556A4596F1}.Ad-Hoc|x86.ActiveCfg = Release|Any CPU
		{0C97035C-0D06-431E-849C-D9556A4596F1}.Ad-Hoc|x86.Build.0 = Release|Any CPU
		{0C97035C-0D06-431E-849C-D9556A4596F1}.AppStore|Any CPU.ActiveCfg = Release|Any CPU
		{0C97035C-0D06-431E-849C-D9556A4596F1}.AppStore|Any CPU.Build.0 = Release|Any CPU
		{0C97035C-0D06-431E-849C-D9556A4596F1}.AppStore|ARM.ActiveCfg = Release|Any CPU
		{0C97035C-0D06-431E-849C-D9556A4596F1}.AppStore|ARM.Build.0 = Release|Any CPU
		{0C97035C-0D06-431E-849C-D9556A4596F1}.AppStore|iPhone.ActiveCfg = Release|Any CPU
		{0C97035C-0D06-431E-849C-D9556A4596F1}.AppStore|iPhone.Build.0 = Release|Any CPU
		{0C97035C-0D06-431E-849C-D9556A4596F1}.AppStore|iPhoneSimulator.ActiveCfg = Release|Any CPU
		{0C97035C-0D06-431E-849C-D9556A4596F1}.AppStore|iPhoneSimulator.Build.0 = Release|Any CPU
		{0C97035C-0D06-431E-849C-D9556A4596F1}.AppStore|x64.ActiveCfg = Release|Any CPU
		{0C97035C-0D06-431E-849C-D9556A4596F1}.AppStore|x64.Build.0 = Release|Any CPU
		{0C97035C-0D06-431E-849C-D9556A4596F1}.AppStore|x86.ActiveCfg = Release|Any CPU
		{0C97035C-0D06-431E-849C-D9556A4596F1}.AppStore|x86.Build.0 = Release|Any CPU
		{0C97035C-0D06-431E-849C-D9556A4596F1}.Debug|Any CPU.ActiveCfg = Debug|Any CPU
		{0C97035C-0D06-431E-849C-D9556A4596F1}.Debug|Any CPU.Build.0 = Debug|Any CPU
		{0C97035C-0D06-431E-849C-D9556A4596F1}.Debug|ARM.ActiveCfg = Debug|Any CPU
		{0C97035C-0D06-431E-849C-D9556A4596F1}.Debug|ARM.Build.0 = Debug|Any CPU
		{0C97035C-0D06-431E-849C-D9556A4596F1}.Debug|iPhone.ActiveCfg = Debug|Any CPU
		{0C97035C-0D06-431E-849C-D9556A4596F1}.Debug|iPhone.Build.0 = Debug|Any CPU
		{0C97035C-0D06-431E-849C-D9556A4596F1}.Debug|iPhoneSimulator.ActiveCfg = Debug|Any CPU
		{0C97035C-0D06-431E-849C-D9556A4596F1}.Debug|iPhoneSimulator.Build.0 = Debug|Any CPU
		{0C97035C-0D06-431E-849C-D9556A4596F1}.Debug|x64.ActiveCfg = Debug|Any CPU
		{0C97035C-0D06-431E-849C-D9556A4596F1}.Debug|x64.Build.0 = Debug|Any CPU
		{0C97035C-0D06-431E-849C-D9556A4596F1}.Debug|x86.ActiveCfg = Debug|Any CPU
		{0C97035C-0D06-431E-849C-D9556A4596F1}.Debug|x86.Build.0 = Debug|Any CPU
		{0C97035C-0D06-431E-849C-D9556A4596F1}.Release|Any CPU.ActiveCfg = Release|Any CPU
		{0C97035C-0D06-431E-849C-D9556A4596F1}.Release|Any CPU.Build.0 = Release|Any CPU
		{0C97035C-0D06-431E-849C-D9556A4596F1}.Release|ARM.ActiveCfg = Release|Any CPU
		{0C97035C-0D06-431E-849C-D9556A4596F1}.Release|ARM.Build.0 = Release|Any CPU
		{0C97035C-0D06-431E-849C-D9556A4596F1}.Release|iPhone.ActiveCfg = Release|Any CPU
		{0C97035C-0D06-431E-849C-D9556A4596F1}.Release|iPhone.Build.0 = Release|Any CPU
		{0C97035C-0D06-431E-849C-D9556A4596F1}.Release|iPhoneSimulator.ActiveCfg = Release|Any CPU
		{0C97035C-0D06-431E-849C-D9556A4596F1}.Release|iPhoneSimulator.Build.0 = Release|Any CPU
		{0C97035C-0D06-431E-849C-D9556A4596F1}.Release|x64.ActiveCfg = Release|Any CPU
		{0C97035C-0D06-431E-849C-D9556A4596F1}.Release|x64.Build.0 = Release|Any CPU
		{0C97035C-0D06-431E-849C-D9556A4596F1}.Release|x86.ActiveCfg = Release|Any CPU
		{0C97035C-0D06-431E-849C-D9556A4596F1}.Release|x86.Build.0 = Release|Any CPU
		{4F98FA47-2577-44D7-9DCA-915C5F047C12}.Ad-Hoc|Any CPU.ActiveCfg = Release|Any CPU
		{4F98FA47-2577-44D7-9DCA-915C5F047C12}.Ad-Hoc|Any CPU.Build.0 = Release|Any CPU
		{4F98FA47-2577-44D7-9DCA-915C5F047C12}.Ad-Hoc|ARM.ActiveCfg = Release|Any CPU
		{4F98FA47-2577-44D7-9DCA-915C5F047C12}.Ad-Hoc|ARM.Build.0 = Release|Any CPU
		{4F98FA47-2577-44D7-9DCA-915C5F047C12}.Ad-Hoc|iPhone.ActiveCfg = Release|Any CPU
		{4F98FA47-2577-44D7-9DCA-915C5F047C12}.Ad-Hoc|iPhone.Build.0 = Release|Any CPU
		{4F98FA47-2577-44D7-9DCA-915C5F047C12}.Ad-Hoc|iPhoneSimulator.ActiveCfg = Release|Any CPU
		{4F98FA47-2577-44D7-9DCA-915C5F047C12}.Ad-Hoc|iPhoneSimulator.Build.0 = Release|Any CPU
		{4F98FA47-2577-44D7-9DCA-915C5F047C12}.Ad-Hoc|x64.ActiveCfg = Release|Any CPU
		{4F98FA47-2577-44D7-9DCA-915C5F047C12}.Ad-Hoc|x64.Build.0 = Release|Any CPU
		{4F98FA47-2577-44D7-9DCA-915C5F047C12}.Ad-Hoc|x86.ActiveCfg = Release|Any CPU
		{4F98FA47-2577-44D7-9DCA-915C5F047C12}.Ad-Hoc|x86.Build.0 = Release|Any CPU
		{4F98FA47-2577-44D7-9DCA-915C5F047C12}.AppStore|Any CPU.ActiveCfg = Release|Any CPU
		{4F98FA47-2577-44D7-9DCA-915C5F047C12}.AppStore|Any CPU.Build.0 = Release|Any CPU
		{4F98FA47-2577-44D7-9DCA-915C5F047C12}.AppStore|ARM.ActiveCfg = Release|Any CPU
		{4F98FA47-2577-44D7-9DCA-915C5F047C12}.AppStore|ARM.Build.0 = Release|Any CPU
		{4F98FA47-2577-44D7-9DCA-915C5F047C12}.AppStore|iPhone.ActiveCfg = Release|Any CPU
		{4F98FA47-2577-44D7-9DCA-915C5F047C12}.AppStore|iPhone.Build.0 = Release|Any CPU
		{4F98FA47-2577-44D7-9DCA-915C5F047C12}.AppStore|iPhoneSimulator.ActiveCfg = Release|Any CPU
		{4F98FA47-2577-44D7-9DCA-915C5F047C12}.AppStore|iPhoneSimulator.Build.0 = Release|Any CPU
		{4F98FA47-2577-44D7-9DCA-915C5F047C12}.AppStore|x64.ActiveCfg = Release|Any CPU
		{4F98FA47-2577-44D7-9DCA-915C5F047C12}.AppStore|x64.Build.0 = Release|Any CPU
		{4F98FA47-2577-44D7-9DCA-915C5F047C12}.AppStore|x86.ActiveCfg = Release|Any CPU
		{4F98FA47-2577-44D7-9DCA-915C5F047C12}.AppStore|x86.Build.0 = Release|Any CPU
		{4F98FA47-2577-44D7-9DCA-915C5F047C12}.Debug|Any CPU.ActiveCfg = Debug|Any CPU
		{4F98FA47-2577-44D7-9DCA-915C5F047C12}.Debug|Any CPU.Build.0 = Debug|Any CPU
		{4F98FA47-2577-44D7-9DCA-915C5F047C12}.Debug|Any CPU.Deploy.0 = Debug|Any CPU
		{4F98FA47-2577-44D7-9DCA-915C5F047C12}.Debug|ARM.ActiveCfg = Debug|Any CPU
		{4F98FA47-2577-44D7-9DCA-915C5F047C12}.Debug|ARM.Build.0 = Debug|Any CPU
		{4F98FA47-2577-44D7-9DCA-915C5F047C12}.Debug|iPhone.ActiveCfg = Debug|Any CPU
		{4F98FA47-2577-44D7-9DCA-915C5F047C12}.Debug|iPhone.Build.0 = Debug|Any CPU
		{4F98FA47-2577-44D7-9DCA-915C5F047C12}.Debug|iPhoneSimulator.ActiveCfg = Debug|Any CPU
		{4F98FA47-2577-44D7-9DCA-915C5F047C12}.Debug|iPhoneSimulator.Build.0 = Debug|Any CPU
		{4F98FA47-2577-44D7-9DCA-915C5F047C12}.Debug|x64.ActiveCfg = Debug|Any CPU
		{4F98FA47-2577-44D7-9DCA-915C5F047C12}.Debug|x64.Build.0 = Debug|Any CPU
		{4F98FA47-2577-44D7-9DCA-915C5F047C12}.Debug|x86.ActiveCfg = Debug|Any CPU
		{4F98FA47-2577-44D7-9DCA-915C5F047C12}.Debug|x86.Build.0 = Debug|Any CPU
		{4F98FA47-2577-44D7-9DCA-915C5F047C12}.Release|Any CPU.ActiveCfg = Release|Any CPU
		{4F98FA47-2577-44D7-9DCA-915C5F047C12}.Release|Any CPU.Build.0 = Release|Any CPU
		{4F98FA47-2577-44D7-9DCA-915C5F047C12}.Release|Any CPU.Deploy.0 = Release|Any CPU
		{4F98FA47-2577-44D7-9DCA-915C5F047C12}.Release|ARM.ActiveCfg = Release|Any CPU
		{4F98FA47-2577-44D7-9DCA-915C5F047C12}.Release|ARM.Build.0 = Release|Any CPU
		{4F98FA47-2577-44D7-9DCA-915C5F047C12}.Release|iPhone.ActiveCfg = Release|Any CPU
		{4F98FA47-2577-44D7-9DCA-915C5F047C12}.Release|iPhone.Build.0 = Release|Any CPU
		{4F98FA47-2577-44D7-9DCA-915C5F047C12}.Release|iPhoneSimulator.ActiveCfg = Release|Any CPU
		{4F98FA47-2577-44D7-9DCA-915C5F047C12}.Release|iPhoneSimulator.Build.0 = Release|Any CPU
		{4F98FA47-2577-44D7-9DCA-915C5F047C12}.Release|x64.ActiveCfg = Release|Any CPU
		{4F98FA47-2577-44D7-9DCA-915C5F047C12}.Release|x64.Build.0 = Release|Any CPU
		{4F98FA47-2577-44D7-9DCA-915C5F047C12}.Release|x86.ActiveCfg = Release|Any CPU
		{4F98FA47-2577-44D7-9DCA-915C5F047C12}.Release|x86.Build.0 = Release|Any CPU
		{1407023A-C26D-4343-B98B-1983DCCFAB0F}.Ad-Hoc|Any CPU.ActiveCfg = Release|Any CPU
		{1407023A-C26D-4343-B98B-1983DCCFAB0F}.Ad-Hoc|Any CPU.Build.0 = Release|Any CPU
		{1407023A-C26D-4343-B98B-1983DCCFAB0F}.Ad-Hoc|ARM.ActiveCfg = Release|Any CPU
		{1407023A-C26D-4343-B98B-1983DCCFAB0F}.Ad-Hoc|ARM.Build.0 = Release|Any CPU
		{1407023A-C26D-4343-B98B-1983DCCFAB0F}.Ad-Hoc|iPhone.ActiveCfg = Release|Any CPU
		{1407023A-C26D-4343-B98B-1983DCCFAB0F}.Ad-Hoc|iPhone.Build.0 = Release|Any CPU
		{1407023A-C26D-4343-B98B-1983DCCFAB0F}.Ad-Hoc|iPhoneSimulator.ActiveCfg = Release|Any CPU
		{1407023A-C26D-4343-B98B-1983DCCFAB0F}.Ad-Hoc|iPhoneSimulator.Build.0 = Release|Any CPU
		{1407023A-C26D-4343-B98B-1983DCCFAB0F}.Ad-Hoc|x64.ActiveCfg = Release|Any CPU
		{1407023A-C26D-4343-B98B-1983DCCFAB0F}.Ad-Hoc|x64.Build.0 = Release|Any CPU
		{1407023A-C26D-4343-B98B-1983DCCFAB0F}.Ad-Hoc|x86.ActiveCfg = Release|Any CPU
		{1407023A-C26D-4343-B98B-1983DCCFAB0F}.Ad-Hoc|x86.Build.0 = Release|Any CPU
		{1407023A-C26D-4343-B98B-1983DCCFAB0F}.AppStore|Any CPU.ActiveCfg = Release|Any CPU
		{1407023A-C26D-4343-B98B-1983DCCFAB0F}.AppStore|Any CPU.Build.0 = Release|Any CPU
		{1407023A-C26D-4343-B98B-1983DCCFAB0F}.AppStore|ARM.ActiveCfg = Release|Any CPU
		{1407023A-C26D-4343-B98B-1983DCCFAB0F}.AppStore|ARM.Build.0 = Release|Any CPU
		{1407023A-C26D-4343-B98B-1983DCCFAB0F}.AppStore|iPhone.ActiveCfg = Release|Any CPU
		{1407023A-C26D-4343-B98B-1983DCCFAB0F}.AppStore|iPhone.Build.0 = Release|Any CPU
		{1407023A-C26D-4343-B98B-1983DCCFAB0F}.AppStore|iPhoneSimulator.ActiveCfg = Release|Any CPU
		{1407023A-C26D-4343-B98B-1983DCCFAB0F}.AppStore|iPhoneSimulator.Build.0 = Release|Any CPU
		{1407023A-C26D-4343-B98B-1983DCCFAB0F}.AppStore|x64.ActiveCfg = Release|Any CPU
		{1407023A-C26D-4343-B98B-1983DCCFAB0F}.AppStore|x64.Build.0 = Release|Any CPU
		{1407023A-C26D-4343-B98B-1983DCCFAB0F}.AppStore|x86.ActiveCfg = Release|Any CPU
		{1407023A-C26D-4343-B98B-1983DCCFAB0F}.AppStore|x86.Build.0 = Release|Any CPU
		{1407023A-C26D-4343-B98B-1983DCCFAB0F}.Debug|Any CPU.ActiveCfg = Debug|Any CPU
		{1407023A-C26D-4343-B98B-1983DCCFAB0F}.Debug|Any CPU.Build.0 = Debug|Any CPU
		{1407023A-C26D-4343-B98B-1983DCCFAB0F}.Debug|ARM.ActiveCfg = Debug|Any CPU
		{1407023A-C26D-4343-B98B-1983DCCFAB0F}.Debug|ARM.Build.0 = Debug|Any CPU
		{1407023A-C26D-4343-B98B-1983DCCFAB0F}.Debug|iPhone.ActiveCfg = Debug|Any CPU
		{1407023A-C26D-4343-B98B-1983DCCFAB0F}.Debug|iPhone.Build.0 = Debug|Any CPU
		{1407023A-C26D-4343-B98B-1983DCCFAB0F}.Debug|iPhoneSimulator.ActiveCfg = Debug|Any CPU
		{1407023A-C26D-4343-B98B-1983DCCFAB0F}.Debug|iPhoneSimulator.Build.0 = Debug|Any CPU
		{1407023A-C26D-4343-B98B-1983DCCFAB0F}.Debug|x64.ActiveCfg = Debug|Any CPU
		{1407023A-C26D-4343-B98B-1983DCCFAB0F}.Debug|x64.Build.0 = Debug|Any CPU
		{1407023A-C26D-4343-B98B-1983DCCFAB0F}.Debug|x86.ActiveCfg = Debug|Any CPU
		{1407023A-C26D-4343-B98B-1983DCCFAB0F}.Debug|x86.Build.0 = Debug|Any CPU
		{1407023A-C26D-4343-B98B-1983DCCFAB0F}.Release|Any CPU.ActiveCfg = Release|Any CPU
		{1407023A-C26D-4343-B98B-1983DCCFAB0F}.Release|Any CPU.Build.0 = Release|Any CPU
		{1407023A-C26D-4343-B98B-1983DCCFAB0F}.Release|ARM.ActiveCfg = Release|Any CPU
		{1407023A-C26D-4343-B98B-1983DCCFAB0F}.Release|ARM.Build.0 = Release|Any CPU
		{1407023A-C26D-4343-B98B-1983DCCFAB0F}.Release|iPhone.ActiveCfg = Release|Any CPU
		{1407023A-C26D-4343-B98B-1983DCCFAB0F}.Release|iPhone.Build.0 = Release|Any CPU
		{1407023A-C26D-4343-B98B-1983DCCFAB0F}.Release|iPhoneSimulator.ActiveCfg = Release|Any CPU
		{1407023A-C26D-4343-B98B-1983DCCFAB0F}.Release|iPhoneSimulator.Build.0 = Release|Any CPU
		{1407023A-C26D-4343-B98B-1983DCCFAB0F}.Release|x64.ActiveCfg = Release|Any CPU
		{1407023A-C26D-4343-B98B-1983DCCFAB0F}.Release|x64.Build.0 = Release|Any CPU
		{1407023A-C26D-4343-B98B-1983DCCFAB0F}.Release|x86.ActiveCfg = Release|Any CPU
		{1407023A-C26D-4343-B98B-1983DCCFAB0F}.Release|x86.Build.0 = Release|Any CPU
		{F36F1A8B-6A0E-455C-9A0B-F1DEB7030F7F}.Ad-Hoc|Any CPU.ActiveCfg = Release|x64
		{F36F1A8B-6A0E-455C-9A0B-F1DEB7030F7F}.Ad-Hoc|Any CPU.Build.0 = Release|x64
		{F36F1A8B-6A0E-455C-9A0B-F1DEB7030F7F}.Ad-Hoc|Any CPU.Deploy.0 = Release|x64
		{F36F1A8B-6A0E-455C-9A0B-F1DEB7030F7F}.Ad-Hoc|ARM.ActiveCfg = Release|ARM
		{F36F1A8B-6A0E-455C-9A0B-F1DEB7030F7F}.Ad-Hoc|ARM.Build.0 = Release|ARM
		{F36F1A8B-6A0E-455C-9A0B-F1DEB7030F7F}.Ad-Hoc|ARM.Deploy.0 = Release|ARM
		{F36F1A8B-6A0E-455C-9A0B-F1DEB7030F7F}.Ad-Hoc|ARM64.ActiveCfg = Release|ARM64
		{F36F1A8B-6A0E-455C-9A0B-F1DEB7030F7F}.Ad-Hoc|ARM64.Build.0 = Release|ARM64
		{F36F1A8B-6A0E-455C-9A0B-F1DEB7030F7F}.Ad-Hoc|ARM64.Deploy.0 = Release|ARM64
		{F36F1A8B-6A0E-455C-9A0B-F1DEB7030F7F}.Ad-Hoc|iPhone.ActiveCfg = Release|x64
		{F36F1A8B-6A0E-455C-9A0B-F1DEB7030F7F}.Ad-Hoc|iPhone.Build.0 = Release|x64
		{F36F1A8B-6A0E-455C-9A0B-F1DEB7030F7F}.Ad-Hoc|iPhone.Deploy.0 = Release|x64
		{F36F1A8B-6A0E-455C-9A0B-F1DEB7030F7F}.Ad-Hoc|iPhoneSimulator.ActiveCfg = Release|x64
		{F36F1A8B-6A0E-455C-9A0B-F1DEB7030F7F}.Ad-Hoc|iPhoneSimulator.Build.0 = Release|x64
		{F36F1A8B-6A0E-455C-9A0B-F1DEB7030F7F}.Ad-Hoc|iPhoneSimulator.Deploy.0 = Release|x64
		{F36F1A8B-6A0E-455C-9A0B-F1DEB7030F7F}.Ad-Hoc|x64.ActiveCfg = Release|x64
		{F36F1A8B-6A0E-455C-9A0B-F1DEB7030F7F}.Ad-Hoc|x64.Build.0 = Release|x64
		{F36F1A8B-6A0E-455C-9A0B-F1DEB7030F7F}.Ad-Hoc|x64.Deploy.0 = Release|x64
		{F36F1A8B-6A0E-455C-9A0B-F1DEB7030F7F}.Ad-Hoc|x86.ActiveCfg = Release|x86
		{F36F1A8B-6A0E-455C-9A0B-F1DEB7030F7F}.Ad-Hoc|x86.Build.0 = Release|x86
		{F36F1A8B-6A0E-455C-9A0B-F1DEB7030F7F}.Ad-Hoc|x86.Deploy.0 = Release|x86
		{F36F1A8B-6A0E-455C-9A0B-F1DEB7030F7F}.AppStore|Any CPU.ActiveCfg = Release|x64
		{F36F1A8B-6A0E-455C-9A0B-F1DEB7030F7F}.AppStore|Any CPU.Build.0 = Release|x64
		{F36F1A8B-6A0E-455C-9A0B-F1DEB7030F7F}.AppStore|Any CPU.Deploy.0 = Release|x64
		{F36F1A8B-6A0E-455C-9A0B-F1DEB7030F7F}.AppStore|ARM.ActiveCfg = Release|ARM
		{F36F1A8B-6A0E-455C-9A0B-F1DEB7030F7F}.AppStore|ARM.Build.0 = Release|ARM
		{F36F1A8B-6A0E-455C-9A0B-F1DEB7030F7F}.AppStore|ARM.Deploy.0 = Release|ARM
		{F36F1A8B-6A0E-455C-9A0B-F1DEB7030F7F}.AppStore|ARM64.ActiveCfg = Release|ARM64
		{F36F1A8B-6A0E-455C-9A0B-F1DEB7030F7F}.AppStore|ARM64.Build.0 = Release|ARM64
		{F36F1A8B-6A0E-455C-9A0B-F1DEB7030F7F}.AppStore|ARM64.Deploy.0 = Release|ARM64
		{F36F1A8B-6A0E-455C-9A0B-F1DEB7030F7F}.AppStore|iPhone.ActiveCfg = Release|x64
		{F36F1A8B-6A0E-455C-9A0B-F1DEB7030F7F}.AppStore|iPhone.Build.0 = Release|x64
		{F36F1A8B-6A0E-455C-9A0B-F1DEB7030F7F}.AppStore|iPhone.Deploy.0 = Release|x64
		{F36F1A8B-6A0E-455C-9A0B-F1DEB7030F7F}.AppStore|iPhoneSimulator.ActiveCfg = Release|x64
		{F36F1A8B-6A0E-455C-9A0B-F1DEB7030F7F}.AppStore|iPhoneSimulator.Build.0 = Release|x64
		{F36F1A8B-6A0E-455C-9A0B-F1DEB7030F7F}.AppStore|iPhoneSimulator.Deploy.0 = Release|x64
		{F36F1A8B-6A0E-455C-9A0B-F1DEB7030F7F}.AppStore|x64.ActiveCfg = Release|x64
		{F36F1A8B-6A0E-455C-9A0B-F1DEB7030F7F}.AppStore|x64.Build.0 = Release|x64
		{F36F1A8B-6A0E-455C-9A0B-F1DEB7030F7F}.AppStore|x64.Deploy.0 = Release|x64
		{F36F1A8B-6A0E-455C-9A0B-F1DEB7030F7F}.AppStore|x86.ActiveCfg = Release|x86
		{F36F1A8B-6A0E-455C-9A0B-F1DEB7030F7F}.AppStore|x86.Build.0 = Release|x86
		{F36F1A8B-6A0E-455C-9A0B-F1DEB7030F7F}.AppStore|x86.Deploy.0 = Release|x86
		{F36F1A8B-6A0E-455C-9A0B-F1DEB7030F7F}.Debug|Any CPU.ActiveCfg = Debug|x86
		{F36F1A8B-6A0E-455C-9A0B-F1DEB7030F7F}.Debug|ARM.ActiveCfg = Debug|ARM
		{F36F1A8B-6A0E-455C-9A0B-F1DEB7030F7F}.Debug|ARM.Build.0 = Debug|ARM
		{F36F1A8B-6A0E-455C-9A0B-F1DEB7030F7F}.Debug|ARM.Deploy.0 = Debug|ARM
		{F36F1A8B-6A0E-455C-9A0B-F1DEB7030F7F}.Debug|ARM64.ActiveCfg = Debug|ARM64
		{F36F1A8B-6A0E-455C-9A0B-F1DEB7030F7F}.Debug|ARM64.Build.0 = Debug|ARM64
		{F36F1A8B-6A0E-455C-9A0B-F1DEB7030F7F}.Debug|ARM64.Deploy.0 = Debug|ARM64
		{F36F1A8B-6A0E-455C-9A0B-F1DEB7030F7F}.Debug|iPhone.ActiveCfg = Debug|x86
		{F36F1A8B-6A0E-455C-9A0B-F1DEB7030F7F}.Debug|iPhoneSimulator.ActiveCfg = Debug|x86
		{F36F1A8B-6A0E-455C-9A0B-F1DEB7030F7F}.Debug|x64.ActiveCfg = Debug|x64
		{F36F1A8B-6A0E-455C-9A0B-F1DEB7030F7F}.Debug|x64.Build.0 = Debug|x64
		{F36F1A8B-6A0E-455C-9A0B-F1DEB7030F7F}.Debug|x64.Deploy.0 = Debug|x64
		{F36F1A8B-6A0E-455C-9A0B-F1DEB7030F7F}.Debug|x86.ActiveCfg = Debug|x86
		{F36F1A8B-6A0E-455C-9A0B-F1DEB7030F7F}.Debug|x86.Build.0 = Debug|x86
		{F36F1A8B-6A0E-455C-9A0B-F1DEB7030F7F}.Debug|x86.Deploy.0 = Debug|x86
		{F36F1A8B-6A0E-455C-9A0B-F1DEB7030F7F}.Release|Any CPU.ActiveCfg = Release|x86
		{F36F1A8B-6A0E-455C-9A0B-F1DEB7030F7F}.Release|ARM.ActiveCfg = Release|ARM
		{F36F1A8B-6A0E-455C-9A0B-F1DEB7030F7F}.Release|ARM.Build.0 = Release|ARM
		{F36F1A8B-6A0E-455C-9A0B-F1DEB7030F7F}.Release|ARM.Deploy.0 = Release|ARM
		{F36F1A8B-6A0E-455C-9A0B-F1DEB7030F7F}.Release|ARM64.ActiveCfg = Release|ARM64
		{F36F1A8B-6A0E-455C-9A0B-F1DEB7030F7F}.Release|ARM64.Build.0 = Release|ARM64
		{F36F1A8B-6A0E-455C-9A0B-F1DEB7030F7F}.Release|ARM64.Deploy.0 = Release|ARM64
		{F36F1A8B-6A0E-455C-9A0B-F1DEB7030F7F}.Release|iPhone.ActiveCfg = Release|x86
		{F36F1A8B-6A0E-455C-9A0B-F1DEB7030F7F}.Release|iPhoneSimulator.ActiveCfg = Release|x86
		{F36F1A8B-6A0E-455C-9A0B-F1DEB7030F7F}.Release|x64.ActiveCfg = Release|x64
		{F36F1A8B-6A0E-455C-9A0B-F1DEB7030F7F}.Release|x64.Build.0 = Release|x64
		{F36F1A8B-6A0E-455C-9A0B-F1DEB7030F7F}.Release|x64.Deploy.0 = Release|x64
		{F36F1A8B-6A0E-455C-9A0B-F1DEB7030F7F}.Release|x86.ActiveCfg = Release|x86
		{F36F1A8B-6A0E-455C-9A0B-F1DEB7030F7F}.Release|x86.Build.0 = Release|x86
		{F36F1A8B-6A0E-455C-9A0B-F1DEB7030F7F}.Release|x86.Deploy.0 = Release|x86
		{59655D7B-2671-48C1-8308-58C7A6AE4ADC}.Ad-Hoc|Any CPU.ActiveCfg = Debug|Any CPU
		{59655D7B-2671-48C1-8308-58C7A6AE4ADC}.Ad-Hoc|Any CPU.Build.0 = Debug|Any CPU
		{59655D7B-2671-48C1-8308-58C7A6AE4ADC}.Ad-Hoc|ARM.ActiveCfg = Debug|Any CPU
		{59655D7B-2671-48C1-8308-58C7A6AE4ADC}.Ad-Hoc|ARM.Build.0 = Debug|Any CPU
		{59655D7B-2671-48C1-8308-58C7A6AE4ADC}.Ad-Hoc|iPhone.ActiveCfg = Debug|Any CPU
		{59655D7B-2671-48C1-8308-58C7A6AE4ADC}.Ad-Hoc|iPhone.Build.0 = Debug|Any CPU
		{59655D7B-2671-48C1-8308-58C7A6AE4ADC}.Ad-Hoc|iPhoneSimulator.ActiveCfg = Debug|Any CPU
		{59655D7B-2671-48C1-8308-58C7A6AE4ADC}.Ad-Hoc|iPhoneSimulator.Build.0 = Debug|Any CPU
		{59655D7B-2671-48C1-8308-58C7A6AE4ADC}.Ad-Hoc|x64.ActiveCfg = Debug|Any CPU
		{59655D7B-2671-48C1-8308-58C7A6AE4ADC}.Ad-Hoc|x64.Build.0 = Debug|Any CPU
		{59655D7B-2671-48C1-8308-58C7A6AE4ADC}.Ad-Hoc|x86.ActiveCfg = Debug|Any CPU
		{59655D7B-2671-48C1-8308-58C7A6AE4ADC}.Ad-Hoc|x86.Build.0 = Debug|Any CPU
		{59655D7B-2671-48C1-8308-58C7A6AE4ADC}.AppStore|Any CPU.ActiveCfg = Debug|Any CPU
		{59655D7B-2671-48C1-8308-58C7A6AE4ADC}.AppStore|Any CPU.Build.0 = Debug|Any CPU
		{59655D7B-2671-48C1-8308-58C7A6AE4ADC}.AppStore|ARM.ActiveCfg = Debug|Any CPU
		{59655D7B-2671-48C1-8308-58C7A6AE4ADC}.AppStore|ARM.Build.0 = Debug|Any CPU
		{59655D7B-2671-48C1-8308-58C7A6AE4ADC}.AppStore|iPhone.ActiveCfg = Debug|Any CPU
		{59655D7B-2671-48C1-8308-58C7A6AE4ADC}.AppStore|iPhone.Build.0 = Debug|Any CPU
		{59655D7B-2671-48C1-8308-58C7A6AE4ADC}.AppStore|iPhoneSimulator.ActiveCfg = Debug|Any CPU
		{59655D7B-2671-48C1-8308-58C7A6AE4ADC}.AppStore|iPhoneSimulator.Build.0 = Debug|Any CPU
		{59655D7B-2671-48C1-8308-58C7A6AE4ADC}.AppStore|x64.ActiveCfg = Debug|Any CPU
		{59655D7B-2671-48C1-8308-58C7A6AE4ADC}.AppStore|x64.Build.0 = Debug|Any CPU
		{59655D7B-2671-48C1-8308-58C7A6AE4ADC}.AppStore|x86.ActiveCfg = Debug|Any CPU
		{59655D7B-2671-48C1-8308-58C7A6AE4ADC}.AppStore|x86.Build.0 = Debug|Any CPU
		{59655D7B-2671-48C1-8308-58C7A6AE4ADC}.Debug|Any CPU.ActiveCfg = Debug|Any CPU
		{59655D7B-2671-48C1-8308-58C7A6AE4ADC}.Debug|Any CPU.Build.0 = Debug|Any CPU
		{59655D7B-2671-48C1-8308-58C7A6AE4ADC}.Debug|ARM.ActiveCfg = Debug|Any CPU
		{59655D7B-2671-48C1-8308-58C7A6AE4ADC}.Debug|ARM.Build.0 = Debug|Any CPU
		{59655D7B-2671-48C1-8308-58C7A6AE4ADC}.Debug|iPhone.ActiveCfg = Debug|Any CPU
		{59655D7B-2671-48C1-8308-58C7A6AE4ADC}.Debug|iPhone.Build.0 = Debug|Any CPU
		{59655D7B-2671-48C1-8308-58C7A6AE4ADC}.Debug|iPhoneSimulator.ActiveCfg = Debug|Any CPU
		{59655D7B-2671-48C1-8308-58C7A6AE4ADC}.Debug|iPhoneSimulator.Build.0 = Debug|Any CPU
		{59655D7B-2671-48C1-8308-58C7A6AE4ADC}.Debug|x64.ActiveCfg = Debug|Any CPU
		{59655D7B-2671-48C1-8308-58C7A6AE4ADC}.Debug|x64.Build.0 = Debug|Any CPU
		{59655D7B-2671-48C1-8308-58C7A6AE4ADC}.Debug|x86.ActiveCfg = Debug|Any CPU
		{59655D7B-2671-48C1-8308-58C7A6AE4ADC}.Debug|x86.Build.0 = Debug|Any CPU
		{59655D7B-2671-48C1-8308-58C7A6AE4ADC}.Release|Any CPU.ActiveCfg = Release|Any CPU
		{59655D7B-2671-48C1-8308-58C7A6AE4ADC}.Release|Any CPU.Build.0 = Release|Any CPU
		{59655D7B-2671-48C1-8308-58C7A6AE4ADC}.Release|ARM.ActiveCfg = Release|Any CPU
		{59655D7B-2671-48C1-8308-58C7A6AE4ADC}.Release|ARM.Build.0 = Release|Any CPU
		{59655D7B-2671-48C1-8308-58C7A6AE4ADC}.Release|iPhone.ActiveCfg = Release|Any CPU
		{59655D7B-2671-48C1-8308-58C7A6AE4ADC}.Release|iPhone.Build.0 = Release|Any CPU
		{59655D7B-2671-48C1-8308-58C7A6AE4ADC}.Release|iPhoneSimulator.ActiveCfg = Release|Any CPU
		{59655D7B-2671-48C1-8308-58C7A6AE4ADC}.Release|iPhoneSimulator.Build.0 = Release|Any CPU
		{59655D7B-2671-48C1-8308-58C7A6AE4ADC}.Release|x64.ActiveCfg = Release|Any CPU
		{59655D7B-2671-48C1-8308-58C7A6AE4ADC}.Release|x64.Build.0 = Release|Any CPU
		{59655D7B-2671-48C1-8308-58C7A6AE4ADC}.Release|x86.ActiveCfg = Release|Any CPU
		{59655D7B-2671-48C1-8308-58C7A6AE4ADC}.Release|x86.Build.0 = Release|Any CPU
		{982DB1E1-F829-4783-9F77-CB6C37B515B7}.Ad-Hoc|Any CPU.ActiveCfg = Debug|Any CPU
		{982DB1E1-F829-4783-9F77-CB6C37B515B7}.Ad-Hoc|Any CPU.Build.0 = Debug|Any CPU
		{982DB1E1-F829-4783-9F77-CB6C37B515B7}.Ad-Hoc|ARM.ActiveCfg = Debug|Any CPU
		{982DB1E1-F829-4783-9F77-CB6C37B515B7}.Ad-Hoc|ARM.Build.0 = Debug|Any CPU
		{982DB1E1-F829-4783-9F77-CB6C37B515B7}.Ad-Hoc|iPhone.ActiveCfg = Debug|Any CPU
		{982DB1E1-F829-4783-9F77-CB6C37B515B7}.Ad-Hoc|iPhone.Build.0 = Debug|Any CPU
		{982DB1E1-F829-4783-9F77-CB6C37B515B7}.Ad-Hoc|iPhoneSimulator.ActiveCfg = Debug|Any CPU
		{982DB1E1-F829-4783-9F77-CB6C37B515B7}.Ad-Hoc|iPhoneSimulator.Build.0 = Debug|Any CPU
		{982DB1E1-F829-4783-9F77-CB6C37B515B7}.Ad-Hoc|x64.ActiveCfg = Debug|Any CPU
		{982DB1E1-F829-4783-9F77-CB6C37B515B7}.Ad-Hoc|x64.Build.0 = Debug|Any CPU
		{982DB1E1-F829-4783-9F77-CB6C37B515B7}.Ad-Hoc|x86.ActiveCfg = Debug|Any CPU
		{982DB1E1-F829-4783-9F77-CB6C37B515B7}.Ad-Hoc|x86.Build.0 = Debug|Any CPU
		{982DB1E1-F829-4783-9F77-CB6C37B515B7}.AppStore|Any CPU.ActiveCfg = Debug|Any CPU
		{982DB1E1-F829-4783-9F77-CB6C37B515B7}.AppStore|Any CPU.Build.0 = Debug|Any CPU
		{982DB1E1-F829-4783-9F77-CB6C37B515B7}.AppStore|ARM.ActiveCfg = Debug|Any CPU
		{982DB1E1-F829-4783-9F77-CB6C37B515B7}.AppStore|ARM.Build.0 = Debug|Any CPU
		{982DB1E1-F829-4783-9F77-CB6C37B515B7}.AppStore|iPhone.ActiveCfg = Debug|Any CPU
		{982DB1E1-F829-4783-9F77-CB6C37B515B7}.AppStore|iPhone.Build.0 = Debug|Any CPU
		{982DB1E1-F829-4783-9F77-CB6C37B515B7}.AppStore|iPhoneSimulator.ActiveCfg = Debug|Any CPU
		{982DB1E1-F829-4783-9F77-CB6C37B515B7}.AppStore|iPhoneSimulator.Build.0 = Debug|Any CPU
		{982DB1E1-F829-4783-9F77-CB6C37B515B7}.AppStore|x64.ActiveCfg = Debug|Any CPU
		{982DB1E1-F829-4783-9F77-CB6C37B515B7}.AppStore|x64.Build.0 = Debug|Any CPU
		{982DB1E1-F829-4783-9F77-CB6C37B515B7}.AppStore|x86.ActiveCfg = Debug|Any CPU
		{982DB1E1-F829-4783-9F77-CB6C37B515B7}.AppStore|x86.Build.0 = Debug|Any CPU
		{982DB1E1-F829-4783-9F77-CB6C37B515B7}.Debug|Any CPU.ActiveCfg = Debug|Any CPU
		{982DB1E1-F829-4783-9F77-CB6C37B515B7}.Debug|Any CPU.Build.0 = Debug|Any CPU
		{982DB1E1-F829-4783-9F77-CB6C37B515B7}.Debug|ARM.ActiveCfg = Debug|Any CPU
		{982DB1E1-F829-4783-9F77-CB6C37B515B7}.Debug|ARM.Build.0 = Debug|Any CPU
		{982DB1E1-F829-4783-9F77-CB6C37B515B7}.Debug|iPhone.ActiveCfg = Debug|Any CPU
		{982DB1E1-F829-4783-9F77-CB6C37B515B7}.Debug|iPhone.Build.0 = Debug|Any CPU
		{982DB1E1-F829-4783-9F77-CB6C37B515B7}.Debug|iPhoneSimulator.ActiveCfg = Debug|Any CPU
		{982DB1E1-F829-4783-9F77-CB6C37B515B7}.Debug|iPhoneSimulator.Build.0 = Debug|Any CPU
		{982DB1E1-F829-4783-9F77-CB6C37B515B7}.Debug|x64.ActiveCfg = Debug|Any CPU
		{982DB1E1-F829-4783-9F77-CB6C37B515B7}.Debug|x64.Build.0 = Debug|Any CPU
		{982DB1E1-F829-4783-9F77-CB6C37B515B7}.Debug|x86.ActiveCfg = Debug|Any CPU
		{982DB1E1-F829-4783-9F77-CB6C37B515B7}.Debug|x86.Build.0 = Debug|Any CPU
		{982DB1E1-F829-4783-9F77-CB6C37B515B7}.Release|Any CPU.ActiveCfg = Release|Any CPU
		{982DB1E1-F829-4783-9F77-CB6C37B515B7}.Release|Any CPU.Build.0 = Release|Any CPU
		{982DB1E1-F829-4783-9F77-CB6C37B515B7}.Release|ARM.ActiveCfg = Release|Any CPU
		{982DB1E1-F829-4783-9F77-CB6C37B515B7}.Release|ARM.Build.0 = Release|Any CPU
		{982DB1E1-F829-4783-9F77-CB6C37B515B7}.Release|iPhone.ActiveCfg = Release|Any CPU
		{982DB1E1-F829-4783-9F77-CB6C37B515B7}.Release|iPhone.Build.0 = Release|Any CPU
		{982DB1E1-F829-4783-9F77-CB6C37B515B7}.Release|iPhoneSimulator.ActiveCfg = Release|Any CPU
		{982DB1E1-F829-4783-9F77-CB6C37B515B7}.Release|iPhoneSimulator.Build.0 = Release|Any CPU
		{982DB1E1-F829-4783-9F77-CB6C37B515B7}.Release|x64.ActiveCfg = Release|Any CPU
		{982DB1E1-F829-4783-9F77-CB6C37B515B7}.Release|x64.Build.0 = Release|Any CPU
		{982DB1E1-F829-4783-9F77-CB6C37B515B7}.Release|x86.ActiveCfg = Release|Any CPU
		{982DB1E1-F829-4783-9F77-CB6C37B515B7}.Release|x86.Build.0 = Release|Any CPU
	EndGlobalSection
	GlobalSection(SolutionProperties) = preSolution
		HideSolutionNode = FALSE
	EndGlobalSection
	GlobalSection(ExtensibilityGlobals) = postSolution
		SolutionGuid = {F6D05029-56B8-4E45-AF2D-0E76295DDBA2}
	EndGlobalSection
EndGlobal
