
Microsoft Visual Studio Solution File, Format Version 12.00
# Visual Studio 15
VisualStudioVersion = 15.0.26730.10
MinimumVisualStudioVersion = 10.0.40219.1

Project("{6EC3EE1D-3C4E-46DD-8F32-0CC8E7565705}") = "CocoActionConverter", "CocoActionConverter\CocoActionConverter.fsproj", "{7CE4413C-D057-42C7-A960-5A1ACA028462}"
EndProject


Project("{F2A71F9B-5D33-465A-A702-920D77279786}") = "CocoActionConverter.Gtk", "CocoActionConverter.Gtk\CocoActionConverter.Gtk.fsproj", "{63EB1191-AF1B-42E9-8916-4B55B1171148}"
EndProject





Global
	GlobalSection(SolutionConfigurationPlatforms) = preSolution
		Ad-Hoc|Any CPU = Ad-Hoc|Any CPU
		Ad-Hoc|ARM = Ad-Hoc|ARM
		Ad-Hoc|iPhone = Ad-Hoc|iPhone
		Ad-Hoc|iPhoneSimulator = Ad-Hoc|iPhoneSimulator
		Ad-Hoc|x64 = Ad-Hoc|x64
		Ad-Hoc|x86 = Ad-Hoc|x86
		AppStore|Any CPU = AppStore|Any CPU
		AppStore|ARM = AppStore|ARM
		AppStore|iPhone = AppStore|iPhone
		AppStore|iPhoneSimulator = AppStore|iPhoneSimulator
		AppStore|x64 = AppStore|x64
		AppStore|x86 = AppStore|x86
		Debug|Any CPU = Debug|Any CPU
		Debug|ARM = Debug|ARM
		Debug|iPhone = Debug|iPhone
		Debug|iPhoneSimulator = Debug|iPhoneSimulator
		Debug|x64 = Debug|x64
		Debug|x86 = Debug|x86
		Release|Any CPU = Release|Any CPU
		Release|ARM = Release|ARM
		Release|iPhone = Release|iPhone
		Release|iPhoneSimulator = Release|iPhoneSimulator
		Release|x64 = Release|x64
		Release|x86 = Release|x86
	EndGlobalSection
	GlobalSection(ProjectConfigurationPlatforms) = postSolution
		{7CE4413C-D057-42C7-A960-5A1ACA028462}.Ad-Hoc|Any CPU.ActiveCfg = Debug|Any CPU
		{7CE4413C-D057-42C7-A960-5A1ACA028462}.Ad-Hoc|Any CPU.Build.0 = Debug|Any CPU
		{7CE4413C-D057-42C7-A960-5A1ACA028462}.Ad-Hoc|ARM.ActiveCfg = Debug|Any CPU
		{7CE4413C-D057-42C7-A960-5A1ACA028462}.Ad-Hoc|ARM.Build.0 = Debug|Any CPU
		{7CE4413C-D057-42C7-A960-5A1ACA028462}.Ad-Hoc|iPhone.ActiveCfg = Debug|Any CPU
		{7CE4413C-D057-42C7-A960-5A1ACA028462}.Ad-Hoc|iPhone.Build.0 = Debug|Any CPU
		{7CE4413C-D057-42C7-A960-5A1ACA028462}.Ad-Hoc|iPhoneSimulator.ActiveCfg = Debug|Any CPU
		{7CE4413C-D057-42C7-A960-5A1ACA028462}.Ad-Hoc|iPhoneSimulator.Build.0 = Debug|Any CPU
		{7CE4413C-D057-42C7-A960-5A1ACA028462}.Ad-Hoc|x64.ActiveCfg = Debug|Any CPU
		{7CE4413C-D057-42C7-A960-5A1ACA028462}.Ad-Hoc|x64.Build.0 = Debug|Any CPU
		{7CE4413C-D057-42C7-A960-5A1ACA028462}.Ad-Hoc|x86.ActiveCfg = Debug|Any CPU
		{7CE4413C-D057-42C7-A960-5A1ACA028462}.Ad-Hoc|x86.Build.0 = Debug|Any CPU
		{7CE4413C-D057-42C7-A960-5A1ACA028462}.AppStore|Any CPU.ActiveCfg = Debug|Any CPU
		{7CE4413C-D057-42C7-A960-5A1ACA028462}.AppStore|Any CPU.Build.0 = Debug|Any CPU
		{7CE4413C-D057-42C7-A960-5A1ACA028462}.AppStore|ARM.ActiveCfg = Debug|Any CPU
		{7CE4413C-D057-42C7-A960-5A1ACA028462}.AppStore|ARM.Build.0 = Debug|Any CPU
		{7CE4413C-D057-42C7-A960-5A1ACA028462}.AppStore|iPhone.ActiveCfg = Debug|Any CPU
		{7CE4413C-D057-42C7-A960-5A1ACA028462}.AppStore|iPhone.Build.0 = Debug|Any CPU
		{7CE4413C-D057-42C7-A960-5A1ACA028462}.AppStore|iPhoneSimulator.ActiveCfg = Debug|Any CPU
		{7CE4413C-D057-42C7-A960-5A1ACA028462}.AppStore|iPhoneSimulator.Build.0 = Debug|Any CPU
		{7CE4413C-D057-42C7-A960-5A1ACA028462}.AppStore|x64.ActiveCfg = Debug|Any CPU
		{7CE4413C-D057-42C7-A960-5A1ACA028462}.AppStore|x64.Build.0 = Debug|Any CPU
		{7CE4413C-D057-42C7-A960-5A1ACA028462}.AppStore|x86.ActiveCfg = Debug|Any CPU
		{7CE4413C-D057-42C7-A960-5A1ACA028462}.AppStore|x86.Build.0 = Debug|Any CPU
		{7CE4413C-D057-42C7-A960-5A1ACA028462}.Debug|Any CPU.ActiveCfg = Debug|Any CPU
		{7CE4413C-D057-42C7-A960-5A1ACA028462}.Debug|Any CPU.Build.0 = Debug|Any CPU
		{7CE4413C-D057-42C7-A960-5A1ACA028462}.Debug|ARM.ActiveCfg = Debug|Any CPU
		{7CE4413C-D057-42C7-A960-5A1ACA028462}.Debug|ARM.Build.0 = Debug|Any CPU
		{7CE4413C-D057-42C7-A960-5A1ACA028462}.Debug|iPhone.ActiveCfg = Debug|Any CPU
		{7CE4413C-D057-42C7-A960-5A1ACA028462}.Debug|iPhone.Build.0 = Debug|Any CPU
		{7CE4413C-D057-42C7-A960-5A1ACA028462}.Debug|iPhoneSimulator.ActiveCfg = Debug|Any CPU
		{7CE4413C-D057-42C7-A960-5A1ACA028462}.Debug|iPhoneSimulator.Build.0 = Debug|Any CPU
		{7CE4413C-D057-42C7-A960-5A1ACA028462}.Debug|x64.ActiveCfg = Debug|Any CPU
		{7CE4413C-D057-42C7-A960-5A1ACA028462}.Debug|x64.Build.0 = Debug|Any CPU
		{7CE4413C-D057-42C7-A960-5A1ACA028462}.Debug|x86.ActiveCfg = Debug|Any CPU
		{7CE4413C-D057-42C7-A960-5A1ACA028462}.Debug|x86.Build.0 = Debug|Any CPU
		{7CE4413C-D057-42C7-A960-5A1ACA028462}.Release|Any CPU.ActiveCfg = Release|Any CPU
		{7CE4413C-D057-42C7-A960-5A1ACA028462}.Release|Any CPU.Build.0 = Release|Any CPU
		{7CE4413C-D057-42C7-A960-5A1ACA028462}.Release|ARM.ActiveCfg = Release|Any CPU
		{7CE4413C-D057-42C7-A960-5A1ACA028462}.Release|ARM.Build.0 = Release|Any CPU
		{7CE4413C-D057-42C7-A960-5A1ACA028462}.Release|iPhone.ActiveCfg = Release|Any CPU
		{7CE4413C-D057-42C7-A960-5A1ACA028462}.Release|iPhone.Build.0 = Release|Any CPU
		{7CE4413C-D057-42C7-A960-5A1ACA028462}.Release|iPhoneSimulator.ActiveCfg = Release|Any CPU
		{7CE4413C-D057-42C7-A960-5A1ACA028462}.Release|iPhoneSimulator.Build.0 = Release|Any CPU
		{7CE4413C-D057-42C7-A960-5A1ACA028462}.Release|x64.ActiveCfg = Release|Any CPU
		{7CE4413C-D057-42C7-A960-5A1ACA028462}.Release|x64.Build.0 = Release|Any CPU
		{7CE4413C-D057-42C7-A960-5A1ACA028462}.Release|x86.ActiveCfg = Release|Any CPU
		{7CE4413C-D057-42C7-A960-5A1ACA028462}.Release|x86.Build.0 = Release|Any CPU
		{53E621E4-5FBD-4769-88C9-713DD40342DD}.Ad-Hoc|Any CPU.ActiveCfg = Ad-Hoc|iPhone
		{53E621E4-5FBD-4769-88C9-713DD40342DD}.Ad-Hoc|ARM.ActiveCfg = Ad-Hoc|iPhone
		{53E621E4-5FBD-4769-88C9-713DD40342DD}.Ad-Hoc|iPhone.ActiveCfg = Ad-Hoc|iPhone
		{53E621E4-5FBD-4769-88C9-713DD40342DD}.Ad-Hoc|iPhone.Build.0 = Ad-Hoc|iPhone
		{53E621E4-5FBD-4769-88C9-713DD40342DD}.Ad-Hoc|iPhoneSimulator.ActiveCfg = Ad-Hoc|iPhoneSimulator
		{53E621E4-5FBD-4769-88C9-713DD40342DD}.Ad-Hoc|iPhoneSimulator.Build.0 = Ad-Hoc|iPhoneSimulator
		{53E621E4-5FBD-4769-88C9-713DD40342DD}.Ad-Hoc|x64.ActiveCfg = Ad-Hoc|iPhone
		{53E621E4-5FBD-4769-88C9-713DD40342DD}.Ad-Hoc|x86.ActiveCfg = Ad-Hoc|iPhone
		{53E621E4-5FBD-4769-88C9-713DD40342DD}.AppStore|Any CPU.ActiveCfg = AppStore|iPhone
		{53E621E4-5FBD-4769-88C9-713DD40342DD}.AppStore|ARM.ActiveCfg = AppStore|iPhone
		{53E621E4-5FBD-4769-88C9-713DD40342DD}.AppStore|iPhone.ActiveCfg = AppStore|iPhone
		{53E621E4-5FBD-4769-88C9-713DD40342DD}.AppStore|iPhone.Build.0 = AppStore|iPhone
		{53E621E4-5FBD-4769-88C9-713DD40342DD}.AppStore|iPhoneSimulator.ActiveCfg = AppStore|iPhoneSimulator
		{53E621E4-5FBD-4769-88C9-713DD40342DD}.AppStore|iPhoneSimulator.Build.0 = AppStore|iPhoneSimulator
		{53E621E4-5FBD-4769-88C9-713DD40342DD}.AppStore|x64.ActiveCfg = AppStore|iPhone
		{53E621E4-5FBD-4769-88C9-713DD40342DD}.AppStore|x86.ActiveCfg = AppStore|iPhone
		{53E621E4-5FBD-4769-88C9-713DD40342DD}.Debug|Any CPU.ActiveCfg = Debug|iPhone
		{53E621E4-5FBD-4769-88C9-713DD40342DD}.Debug|ARM.ActiveCfg = Debug|iPhone
		{53E621E4-5FBD-4769-88C9-713DD40342DD}.Debug|iPhone.ActiveCfg = Debug|iPhone
		{53E621E4-5FBD-4769-88C9-713DD40342DD}.Debug|iPhone.Build.0 = Debug|iPhone
		{53E621E4-5FBD-4769-88C9-713DD40342DD}.Debug|iPhoneSimulator.ActiveCfg = Debug|iPhoneSimulator
		{53E621E4-5FBD-4769-88C9-713DD40342DD}.Debug|iPhoneSimulator.Build.0 = Debug|iPhoneSimulator
		{53E621E4-5FBD-4769-88C9-713DD40342DD}.Debug|x64.ActiveCfg = Debug|iPhone
		{53E621E4-5FBD-4769-88C9-713DD40342DD}.Debug|x86.ActiveCfg = Debug|iPhone
		{53E621E4-5FBD-4769-88C9-713DD40342DD}.Release|Any CPU.ActiveCfg = Release|iPhone
		{53E621E4-5FBD-4769-88C9-713DD40342DD}.Release|ARM.ActiveCfg = Release|iPhone
		{53E621E4-5FBD-4769-88C9-713DD40342DD}.Release|iPhone.ActiveCfg = Release|iPhone
		{53E621E4-5FBD-4769-88C9-713DD40342DD}.Release|iPhone.Build.0 = Release|iPhone
		{53E621E4-5FBD-4769-88C9-713DD40342DD}.Release|iPhoneSimulator.ActiveCfg = Release|iPhoneSimulator
		{53E621E4-5FBD-4769-88C9-713DD40342DD}.Release|iPhoneSimulator.Build.0 = Release|iPhoneSimulator
		{53E621E4-5FBD-4769-88C9-713DD40342DD}.Release|x64.ActiveCfg = Release|iPhone
		{53E621E4-5FBD-4769-88C9-713DD40342DD}.Release|x86.ActiveCfg = Release|iPhone
		{1D4E7238-DE73-409C-8AE8-656E42435BAE}.Ad-Hoc|Any CPU.ActiveCfg = Release|x86
		{1D4E7238-DE73-409C-8AE8-656E42435BAE}.Ad-Hoc|Any CPU.Build.0 = Release|x86
		{1D4E7238-DE73-409C-8AE8-656E42435BAE}.Ad-Hoc|Any CPU.Deploy.0 = Release|x86
		{1D4E7238-DE73-409C-8AE8-656E42435BAE}.Ad-Hoc|ARM.ActiveCfg = Release|ARM
		{1D4E7238-DE73-409C-8AE8-656E42435BAE}.Ad-Hoc|ARM.Build.0 = Release|ARM
		{1D4E7238-DE73-409C-8AE8-656E42435BAE}.Ad-Hoc|ARM.Deploy.0 = Release|ARM
		{1D4E7238-DE73-409C-8AE8-656E42435BAE}.Ad-Hoc|iPhone.ActiveCfg = Release|x86
		{1D4E7238-DE73-409C-8AE8-656E42435BAE}.Ad-Hoc|iPhone.Build.0 = Release|x86
		{1D4E7238-DE73-409C-8AE8-656E42435BAE}.Ad-Hoc|iPhone.Deploy.0 = Release|x86
		{1D4E7238-DE73-409C-8AE8-656E42435BAE}.Ad-Hoc|iPhoneSimulator.ActiveCfg = Release|x86
		{1D4E7238-DE73-409C-8AE8-656E42435BAE}.Ad-Hoc|iPhoneSimulator.Build.0 = Release|x86
		{1D4E7238-DE73-409C-8AE8-656E42435BAE}.Ad-Hoc|iPhoneSimulator.Deploy.0 = Release|x86
		{1D4E7238-DE73-409C-8AE8-656E42435BAE}.Ad-Hoc|x64.ActiveCfg = Release|x64
		{1D4E7238-DE73-409C-8AE8-656E42435BAE}.Ad-Hoc|x64.Build.0 = Release|x64
		{1D4E7238-DE73-409C-8AE8-656E42435BAE}.Ad-Hoc|x64.Deploy.0 = Release|x64
		{1D4E7238-DE73-409C-8AE8-656E42435BAE}.Ad-Hoc|x86.ActiveCfg = Release|x86
		{1D4E7238-DE73-409C-8AE8-656E42435BAE}.Ad-Hoc|x86.Build.0 = Release|x86
		{1D4E7238-DE73-409C-8AE8-656E42435BAE}.Ad-Hoc|x86.Deploy.0 = Release|x86
		{1D4E7238-DE73-409C-8AE8-656E42435BAE}.AppStore|Any CPU.ActiveCfg = Release|x86
		{1D4E7238-DE73-409C-8AE8-656E42435BAE}.AppStore|Any CPU.Build.0 = Release|x86
		{1D4E7238-DE73-409C-8AE8-656E42435BAE}.AppStore|Any CPU.Deploy.0 = Release|x86
		{1D4E7238-DE73-409C-8AE8-656E42435BAE}.AppStore|ARM.ActiveCfg = Release|ARM
		{1D4E7238-DE73-409C-8AE8-656E42435BAE}.AppStore|ARM.Build.0 = Release|ARM
		{1D4E7238-DE73-409C-8AE8-656E42435BAE}.AppStore|ARM.Deploy.0 = Release|ARM
		{1D4E7238-DE73-409C-8AE8-656E42435BAE}.AppStore|iPhone.ActiveCfg = Release|x86
		{1D4E7238-DE73-409C-8AE8-656E42435BAE}.AppStore|iPhone.Build.0 = Release|x86
		{1D4E7238-DE73-409C-8AE8-656E42435BAE}.AppStore|iPhone.Deploy.0 = Release|x86
		{1D4E7238-DE73-409C-8AE8-656E42435BAE}.AppStore|iPhoneSimulator.ActiveCfg = Release|x86
		{1D4E7238-DE73-409C-8AE8-656E42435BAE}.AppStore|iPhoneSimulator.Build.0 = Release|x86
		{1D4E7238-DE73-409C-8AE8-656E42435BAE}.AppStore|iPhoneSimulator.Deploy.0 = Release|x86
		{1D4E7238-DE73-409C-8AE8-656E42435BAE}.AppStore|x64.ActiveCfg = Release|x64
		{1D4E7238-DE73-409C-8AE8-656E42435BAE}.AppStore|x64.Build.0 = Release|x64
		{1D4E7238-DE73-409C-8AE8-656E42435BAE}.AppStore|x64.Deploy.0 = Release|x64
		{1D4E7238-DE73-409C-8AE8-656E42435BAE}.AppStore|x86.ActiveCfg = Release|x86
		{1D4E7238-DE73-409C-8AE8-656E42435BAE}.AppStore|x86.Build.0 = Release|x86
		{1D4E7238-DE73-409C-8AE8-656E42435BAE}.AppStore|x86.Deploy.0 = Release|x86
		{1D4E7238-DE73-409C-8AE8-656E42435BAE}.Debug|Any CPU.ActiveCfg = Debug|x86
		{1D4E7238-DE73-409C-8AE8-656E42435BAE}.Debug|ARM.ActiveCfg = Debug|ARM
		{1D4E7238-DE73-409C-8AE8-656E42435BAE}.Debug|ARM.Build.0 = Debug|ARM
		{1D4E7238-DE73-409C-8AE8-656E42435BAE}.Debug|ARM.Deploy.0 = Debug|ARM
		{1D4E7238-DE73-409C-8AE8-656E42435BAE}.Debug|iPhone.ActiveCfg = Debug|x86
		{1D4E7238-DE73-409C-8AE8-656E42435BAE}.Debug|iPhoneSimulator.ActiveCfg = Debug|x86
		{1D4E7238-DE73-409C-8AE8-656E42435BAE}.Debug|x64.ActiveCfg = Debug|x64
		{1D4E7238-DE73-409C-8AE8-656E42435BAE}.Debug|x64.Build.0 = Debug|x64
		{1D4E7238-DE73-409C-8AE8-656E42435BAE}.Debug|x64.Deploy.0 = Debug|x64
		{1D4E7238-DE73-409C-8AE8-656E42435BAE}.Debug|x86.ActiveCfg = Debug|x86
		{1D4E7238-DE73-409C-8AE8-656E42435BAE}.Debug|x86.Build.0 = Debug|x86
		{1D4E7238-DE73-409C-8AE8-656E42435BAE}.Debug|x86.Deploy.0 = Debug|x86
		{1D4E7238-DE73-409C-8AE8-656E42435BAE}.Release|Any CPU.ActiveCfg = Release|x86
		{1D4E7238-DE73-409C-8AE8-656E42435BAE}.Release|ARM.ActiveCfg = Release|ARM
		{1D4E7238-DE73-409C-8AE8-656E42435BAE}.Release|ARM.Build.0 = Release|ARM
		{1D4E7238-DE73-409C-8AE8-656E42435BAE}.Release|ARM.Deploy.0 = Release|ARM
		{1D4E7238-DE73-409C-8AE8-656E42435BAE}.Release|iPhone.ActiveCfg = Release|x86
		{1D4E7238-DE73-409C-8AE8-656E42435BAE}.Release|iPhoneSimulator.ActiveCfg = Release|x86
		{1D4E7238-DE73-409C-8AE8-656E42435BAE}.Release|x64.ActiveCfg = Release|x64
		{1D4E7238-DE73-409C-8AE8-656E42435BAE}.Release|x64.Build.0 = Release|x64
		{1D4E7238-DE73-409C-8AE8-656E42435BAE}.Release|x64.Deploy.0 = Release|x64
		{1D4E7238-DE73-409C-8AE8-656E42435BAE}.Release|x86.ActiveCfg = Release|x86
		{1D4E7238-DE73-409C-8AE8-656E42435BAE}.Release|x86.Build.0 = Release|x86
		{1D4E7238-DE73-409C-8AE8-656E42435BAE}.Release|x86.Deploy.0 = Release|x86
		{3D284AC2-B337-45FA-B650-4B821738838E}.Ad-Hoc|Any CPU.ActiveCfg = Release|Any CPU
		{3D284AC2-B337-45FA-B650-4B821738838E}.Ad-Hoc|Any CPU.Build.0 = Release|Any CPU
		{3D284AC2-B337-45FA-B650-4B821738838E}.Ad-Hoc|ARM.ActiveCfg = Release|Any CPU
		{3D284AC2-B337-45FA-B650-4B821738838E}.Ad-Hoc|ARM.Build.0 = Release|Any CPU
		{3D284AC2-B337-45FA-B650-4B821738838E}.Ad-Hoc|iPhone.ActiveCfg = Release|Any CPU
		{3D284AC2-B337-45FA-B650-4B821738838E}.Ad-Hoc|iPhone.Build.0 = Release|Any CPU
		{3D284AC2-B337-45FA-B650-4B821738838E}.Ad-Hoc|iPhoneSimulator.ActiveCfg = Release|Any CPU
		{3D284AC2-B337-45FA-B650-4B821738838E}.Ad-Hoc|iPhoneSimulator.Build.0 = Release|Any CPU
		{3D284AC2-B337-45FA-B650-4B821738838E}.Ad-Hoc|x64.ActiveCfg = Release|Any CPU
		{3D284AC2-B337-45FA-B650-4B821738838E}.Ad-Hoc|x64.Build.0 = Release|Any CPU
		{3D284AC2-B337-45FA-B650-4B821738838E}.Ad-Hoc|x86.ActiveCfg = Release|Any CPU
		{3D284AC2-B337-45FA-B650-4B821738838E}.Ad-Hoc|x86.Build.0 = Release|Any CPU
		{3D284AC2-B337-45FA-B650-4B821738838E}.AppStore|Any CPU.ActiveCfg = Release|Any CPU
		{3D284AC2-B337-45FA-B650-4B821738838E}.AppStore|Any CPU.Build.0 = Release|Any CPU
		{3D284AC2-B337-45FA-B650-4B821738838E}.AppStore|ARM.ActiveCfg = Release|Any CPU
		{3D284AC2-B337-45FA-B650-4B821738838E}.AppStore|ARM.Build.0 = Release|Any CPU
		{3D284AC2-B337-45FA-B650-4B821738838E}.AppStore|iPhone.ActiveCfg = Release|Any CPU
		{3D284AC2-B337-45FA-B650-4B821738838E}.AppStore|iPhone.Build.0 = Release|Any CPU
		{3D284AC2-B337-45FA-B650-4B821738838E}.AppStore|iPhoneSimulator.ActiveCfg = Release|Any CPU
		{3D284AC2-B337-45FA-B650-4B821738838E}.AppStore|iPhoneSimulator.Build.0 = Release|Any CPU
		{3D284AC2-B337-45FA-B650-4B821738838E}.AppStore|x64.ActiveCfg = Release|Any CPU
		{3D284AC2-B337-45FA-B650-4B821738838E}.AppStore|x64.Build.0 = Release|Any CPU
		{3D284AC2-B337-45FA-B650-4B821738838E}.AppStore|x86.ActiveCfg = Release|Any CPU
		{3D284AC2-B337-45FA-B650-4B821738838E}.AppStore|x86.Build.0 = Release|Any CPU
		{3D284AC2-B337-45FA-B650-4B821738838E}.Debug|Any CPU.ActiveCfg = Debug|Any CPU
		{3D284AC2-B337-45FA-B650-4B821738838E}.Debug|Any CPU.Build.0 = Debug|Any CPU
		{3D284AC2-B337-45FA-B650-4B821738838E}.Debug|Any CPU.Deploy.0 = Debug|Any CPU
		{3D284AC2-B337-45FA-B650-4B821738838E}.Debug|ARM.ActiveCfg = Debug|Any CPU
		{3D284AC2-B337-45FA-B650-4B821738838E}.Debug|ARM.Build.0 = Debug|Any CPU
		{3D284AC2-B337-45FA-B650-4B821738838E}.Debug|iPhone.ActiveCfg = Debug|Any CPU
		{3D284AC2-B337-45FA-B650-4B821738838E}.Debug|iPhone.Build.0 = Debug|Any CPU
		{3D284AC2-B337-45FA-B650-4B821738838E}.Debug|iPhoneSimulator.ActiveCfg = Debug|Any CPU
		{3D284AC2-B337-45FA-B650-4B821738838E}.Debug|iPhoneSimulator.Build.0 = Debug|Any CPU
		{3D284AC2-B337-45FA-B650-4B821738838E}.Debug|x64.ActiveCfg = Debug|Any CPU
		{3D284AC2-B337-45FA-B650-4B821738838E}.Debug|x64.Build.0 = Debug|Any CPU
		{3D284AC2-B337-45FA-B650-4B821738838E}.Debug|x86.ActiveCfg = Debug|Any CPU
		{3D284AC2-B337-45FA-B650-4B821738838E}.Debug|x86.Build.0 = Debug|Any CPU
		{3D284AC2-B337-45FA-B650-4B821738838E}.Release|Any CPU.ActiveCfg = Release|Any CPU
		{3D284AC2-B337-45FA-B650-4B821738838E}.Release|Any CPU.Build.0 = Release|Any CPU
		{3D284AC2-B337-45FA-B650-4B821738838E}.Release|Any CPU.Deploy.0 = Release|Any CPU
		{3D284AC2-B337-45FA-B650-4B821738838E}.Release|ARM.ActiveCfg = Release|Any CPU
		{3D284AC2-B337-45FA-B650-4B821738838E}.Release|ARM.Build.0 = Release|Any CPU
		{3D284AC2-B337-45FA-B650-4B821738838E}.Release|iPhone.ActiveCfg = Release|Any CPU
		{3D284AC2-B337-45FA-B650-4B821738838E}.Release|iPhone.Build.0 = Release|Any CPU
		{3D284AC2-B337-45FA-B650-4B821738838E}.Release|iPhoneSimulator.ActiveCfg = Release|Any CPU
		{3D284AC2-B337-45FA-B650-4B821738838E}.Release|iPhoneSimulator.Build.0 = Release|Any CPU
		{3D284AC2-B337-45FA-B650-4B821738838E}.Release|x64.ActiveCfg = Release|Any CPU
		{3D284AC2-B337-45FA-B650-4B821738838E}.Release|x64.Build.0 = Release|Any CPU
		{3D284AC2-B337-45FA-B650-4B821738838E}.Release|x86.ActiveCfg = Release|Any CPU
		{3D284AC2-B337-45FA-B650-4B821738838E}.Release|x86.Build.0 = Release|Any CPU
		{63EB1191-AF1B-42E9-8916-4B55B1171148}.Ad-Hoc|Any CPU.ActiveCfg = Release|Any CPU
		{63EB1191-AF1B-42E9-8916-4B55B1171148}.Ad-Hoc|Any CPU.Build.0 = Release|Any CPU
		{63EB1191-AF1B-42E9-8916-4B55B1171148}.Ad-Hoc|ARM.ActiveCfg = Release|Any CPU
		{63EB1191-AF1B-42E9-8916-4B55B1171148}.Ad-Hoc|ARM.Build.0 = Release|Any CPU
		{63EB1191-AF1B-42E9-8916-4B55B1171148}.Ad-Hoc|iPhone.ActiveCfg = Release|Any CPU
		{63EB1191-AF1B-42E9-8916-4B55B1171148}.Ad-Hoc|iPhone.Build.0 = Release|Any CPU
		{63EB1191-AF1B-42E9-8916-4B55B1171148}.Ad-Hoc|iPhoneSimulator.ActiveCfg = Release|Any CPU
		{63EB1191-AF1B-42E9-8916-4B55B1171148}.Ad-Hoc|iPhoneSimulator.Build.0 = Release|Any CPU
		{63EB1191-AF1B-42E9-8916-4B55B1171148}.Ad-Hoc|x64.ActiveCfg = Release|Any CPU
		{63EB1191-AF1B-42E9-8916-4B55B1171148}.Ad-Hoc|x64.Build.0 = Release|Any CPU
		{63EB1191-AF1B-42E9-8916-4B55B1171148}.Ad-Hoc|x86.ActiveCfg = Release|Any CPU
		{63EB1191-AF1B-42E9-8916-4B55B1171148}.Ad-Hoc|x86.Build.0 = Release|Any CPU
		{63EB1191-AF1B-42E9-8916-4B55B1171148}.AppStore|Any CPU.ActiveCfg = Release|Any CPU
		{63EB1191-AF1B-42E9-8916-4B55B1171148}.AppStore|Any CPU.Build.0 = Release|Any CPU
		{63EB1191-AF1B-42E9-8916-4B55B1171148}.AppStore|ARM.ActiveCfg = Release|Any CPU
		{63EB1191-AF1B-42E9-8916-4B55B1171148}.AppStore|ARM.Build.0 = Release|Any CPU
		{63EB1191-AF1B-42E9-8916-4B55B1171148}.AppStore|iPhone.ActiveCfg = Release|Any CPU
		{63EB1191-AF1B-42E9-8916-4B55B1171148}.AppStore|iPhone.Build.0 = Release|Any CPU
		{63EB1191-AF1B-42E9-8916-4B55B1171148}.AppStore|iPhoneSimulator.ActiveCfg = Release|Any CPU
		{63EB1191-AF1B-42E9-8916-4B55B1171148}.AppStore|iPhoneSimulator.Build.0 = Release|Any CPU
		{63EB1191-AF1B-42E9-8916-4B55B1171148}.AppStore|x64.ActiveCfg = Release|Any CPU
		{63EB1191-AF1B-42E9-8916-4B55B1171148}.AppStore|x64.Build.0 = Release|Any CPU
		{63EB1191-AF1B-42E9-8916-4B55B1171148}.AppStore|x86.ActiveCfg = Release|Any CPU
		{63EB1191-AF1B-42E9-8916-4B55B1171148}.AppStore|x86.Build.0 = Release|Any CPU
		{63EB1191-AF1B-42E9-8916-4B55B1171148}.Debug|Any CPU.ActiveCfg = Debug|Any CPU
		{63EB1191-AF1B-42E9-8916-4B55B1171148}.Debug|Any CPU.Build.0 = Debug|Any CPU
		{63EB1191-AF1B-42E9-8916-4B55B1171148}.Debug|ARM.ActiveCfg = Debug|Any CPU
		{63EB1191-AF1B-42E9-8916-4B55B1171148}.Debug|ARM.Build.0 = Debug|Any CPU
		{63EB1191-AF1B-42E9-8916-4B55B1171148}.Debug|iPhone.ActiveCfg = Debug|Any CPU
		{63EB1191-AF1B-42E9-8916-4B55B1171148}.Debug|iPhone.Build.0 = Debug|Any CPU
		{63EB1191-AF1B-42E9-8916-4B55B1171148}.Debug|iPhoneSimulator.ActiveCfg = Debug|Any CPU
		{63EB1191-AF1B-42E9-8916-4B55B1171148}.Debug|iPhoneSimulator.Build.0 = Debug|Any CPU
		{63EB1191-AF1B-42E9-8916-4B55B1171148}.Debug|x64.ActiveCfg = Debug|Any CPU
		{63EB1191-AF1B-42E9-8916-4B55B1171148}.Debug|x64.Build.0 = Debug|Any CPU
		{63EB1191-AF1B-42E9-8916-4B55B1171148}.Debug|x86.ActiveCfg = Debug|Any CPU
		{63EB1191-AF1B-42E9-8916-4B55B1171148}.Debug|x86.Build.0 = Debug|Any CPU
		{63EB1191-AF1B-42E9-8916-4B55B1171148}.Release|Any CPU.ActiveCfg = Release|Any CPU
		{63EB1191-AF1B-42E9-8916-4B55B1171148}.Release|Any CPU.Build.0 = Release|Any CPU
		{63EB1191-AF1B-42E9-8916-4B55B1171148}.Release|ARM.ActiveCfg = Release|Any CPU
		{63EB1191-AF1B-42E9-8916-4B55B1171148}.Release|ARM.Build.0 = Release|Any CPU
		{63EB1191-AF1B-42E9-8916-4B55B1171148}.Release|iPhone.ActiveCfg = Release|Any CPU
		{63EB1191-AF1B-42E9-8916-4B55B1171148}.Release|iPhone.Build.0 = Release|Any CPU
		{63EB1191-AF1B-42E9-8916-4B55B1171148}.Release|iPhoneSimulator.ActiveCfg = Release|Any CPU
		{63EB1191-AF1B-42E9-8916-4B55B1171148}.Release|iPhoneSimulator.Build.0 = Release|Any CPU
		{63EB1191-AF1B-42E9-8916-4B55B1171148}.Release|x64.ActiveCfg = Release|Any CPU
		{63EB1191-AF1B-42E9-8916-4B55B1171148}.Release|x64.Build.0 = Release|Any CPU
		{63EB1191-AF1B-42E9-8916-4B55B1171148}.Release|x86.ActiveCfg = Release|Any CPU
		{63EB1191-AF1B-42E9-8916-4B55B1171148}.Release|x86.Build.0 = Release|Any CPU
		{D4A87B22-3F7F-4242-8A03-860E073F1D1B}.Ad-Hoc|Any CPU.ActiveCfg = Release|x64
		{D4A87B22-3F7F-4242-8A03-860E073F1D1B}.Ad-Hoc|Any CPU.Build.0 = Release|x64
		{D4A87B22-3F7F-4242-8A03-860E073F1D1B}.Ad-Hoc|Any CPU.Deploy.0 = Release|x64
		{D4A87B22-3F7F-4242-8A03-860E073F1D1B}.Ad-Hoc|ARM.ActiveCfg = Release|ARM
		{D4A87B22-3F7F-4242-8A03-860E073F1D1B}.Ad-Hoc|ARM.Build.0 = Release|ARM
		{D4A87B22-3F7F-4242-8A03-860E073F1D1B}.Ad-Hoc|ARM.Deploy.0 = Release|ARM
		{D4A87B22-3F7F-4242-8A03-860E073F1D1B}.Ad-Hoc|ARM64.ActiveCfg = Release|ARM64
		{D4A87B22-3F7F-4242-8A03-860E073F1D1B}.Ad-Hoc|ARM64.Build.0 = Release|ARM64
		{D4A87B22-3F7F-4242-8A03-860E073F1D1B}.Ad-Hoc|ARM64.Deploy.0 = Release|ARM64
		{D4A87B22-3F7F-4242-8A03-860E073F1D1B}.Ad-Hoc|iPhone.ActiveCfg = Release|x64
		{D4A87B22-3F7F-4242-8A03-860E073F1D1B}.Ad-Hoc|iPhone.Build.0 = Release|x64
		{D4A87B22-3F7F-4242-8A03-860E073F1D1B}.Ad-Hoc|iPhone.Deploy.0 = Release|x64
		{D4A87B22-3F7F-4242-8A03-860E073F1D1B}.Ad-Hoc|iPhoneSimulator.ActiveCfg = Release|x64
		{D4A87B22-3F7F-4242-8A03-860E073F1D1B}.Ad-Hoc|iPhoneSimulator.Build.0 = Release|x64
		{D4A87B22-3F7F-4242-8A03-860E073F1D1B}.Ad-Hoc|iPhoneSimulator.Deploy.0 = Release|x64
		{D4A87B22-3F7F-4242-8A03-860E073F1D1B}.Ad-Hoc|x64.ActiveCfg = Release|x64
		{D4A87B22-3F7F-4242-8A03-860E073F1D1B}.Ad-Hoc|x64.Build.0 = Release|x64
		{D4A87B22-3F7F-4242-8A03-860E073F1D1B}.Ad-Hoc|x64.Deploy.0 = Release|x64
		{D4A87B22-3F7F-4242-8A03-860E073F1D1B}.Ad-Hoc|x86.ActiveCfg = Release|x86
		{D4A87B22-3F7F-4242-8A03-860E073F1D1B}.Ad-Hoc|x86.Build.0 = Release|x86
		{D4A87B22-3F7F-4242-8A03-860E073F1D1B}.Ad-Hoc|x86.Deploy.0 = Release|x86
		{D4A87B22-3F7F-4242-8A03-860E073F1D1B}.AppStore|Any CPU.ActiveCfg = Release|x64
		{D4A87B22-3F7F-4242-8A03-860E073F1D1B}.AppStore|Any CPU.Build.0 = Release|x64
		{D4A87B22-3F7F-4242-8A03-860E073F1D1B}.AppStore|Any CPU.Deploy.0 = Release|x64
		{D4A87B22-3F7F-4242-8A03-860E073F1D1B}.AppStore|ARM.ActiveCfg = Release|ARM
		{D4A87B22-3F7F-4242-8A03-860E073F1D1B}.AppStore|ARM.Build.0 = Release|ARM
		{D4A87B22-3F7F-4242-8A03-860E073F1D1B}.AppStore|ARM.Deploy.0 = Release|ARM
		{D4A87B22-3F7F-4242-8A03-860E073F1D1B}.AppStore|ARM64.ActiveCfg = Release|ARM64
		{D4A87B22-3F7F-4242-8A03-860E073F1D1B}.AppStore|ARM64.Build.0 = Release|ARM64
		{D4A87B22-3F7F-4242-8A03-860E073F1D1B}.AppStore|ARM64.Deploy.0 = Release|ARM64
		{D4A87B22-3F7F-4242-8A03-860E073F1D1B}.AppStore|iPhone.ActiveCfg = Release|x64
		{D4A87B22-3F7F-4242-8A03-860E073F1D1B}.AppStore|iPhone.Build.0 = Release|x64
		{D4A87B22-3F7F-4242-8A03-860E073F1D1B}.AppStore|iPhone.Deploy.0 = Release|x64
		{D4A87B22-3F7F-4242-8A03-860E073F1D1B}.AppStore|iPhoneSimulator.ActiveCfg = Release|x64
		{D4A87B22-3F7F-4242-8A03-860E073F1D1B}.AppStore|iPhoneSimulator.Build.0 = Release|x64
		{D4A87B22-3F7F-4242-8A03-860E073F1D1B}.AppStore|iPhoneSimulator.Deploy.0 = Release|x64
		{D4A87B22-3F7F-4242-8A03-860E073F1D1B}.AppStore|x64.ActiveCfg = Release|x64
		{D4A87B22-3F7F-4242-8A03-860E073F1D1B}.AppStore|x64.Build.0 = Release|x64
		{D4A87B22-3F7F-4242-8A03-860E073F1D1B}.AppStore|x64.Deploy.0 = Release|x64
		{D4A87B22-3F7F-4242-8A03-860E073F1D1B}.AppStore|x86.ActiveCfg = Release|x86
		{D4A87B22-3F7F-4242-8A03-860E073F1D1B}.AppStore|x86.Build.0 = Release|x86
		{D4A87B22-3F7F-4242-8A03-860E073F1D1B}.AppStore|x86.Deploy.0 = Release|x86
		{D4A87B22-3F7F-4242-8A03-860E073F1D1B}.Debug|Any CPU.ActiveCfg = Debug|x86
		{D4A87B22-3F7F-4242-8A03-860E073F1D1B}.Debug|ARM.ActiveCfg = Debug|ARM
		{D4A87B22-3F7F-4242-8A03-860E073F1D1B}.Debug|ARM.Build.0 = Debug|ARM
		{D4A87B22-3F7F-4242-8A03-860E073F1D1B}.Debug|ARM.Deploy.0 = Debug|ARM
		{D4A87B22-3F7F-4242-8A03-860E073F1D1B}.Debug|ARM64.ActiveCfg = Debug|ARM64
		{D4A87B22-3F7F-4242-8A03-860E073F1D1B}.Debug|ARM64.Build.0 = Debug|ARM64
		{D4A87B22-3F7F-4242-8A03-860E073F1D1B}.Debug|ARM64.Deploy.0 = Debug|ARM64
		{D4A87B22-3F7F-4242-8A03-860E073F1D1B}.Debug|iPhone.ActiveCfg = Debug|x86
		{D4A87B22-3F7F-4242-8A03-860E073F1D1B}.Debug|iPhoneSimulator.ActiveCfg = Debug|x86
		{D4A87B22-3F7F-4242-8A03-860E073F1D1B}.Debug|x64.ActiveCfg = Debug|x64
		{D4A87B22-3F7F-4242-8A03-860E073F1D1B}.Debug|x64.Build.0 = Debug|x64
		{D4A87B22-3F7F-4242-8A03-860E073F1D1B}.Debug|x64.Deploy.0 = Debug|x64
		{D4A87B22-3F7F-4242-8A03-860E073F1D1B}.Debug|x86.ActiveCfg = Debug|x86
		{D4A87B22-3F7F-4242-8A03-860E073F1D1B}.Debug|x86.Build.0 = Debug|x86
		{D4A87B22-3F7F-4242-8A03-860E073F1D1B}.Debug|x86.Deploy.0 = Debug|x86
		{D4A87B22-3F7F-4242-8A03-860E073F1D1B}.Release|Any CPU.ActiveCfg = Release|x86
		{D4A87B22-3F7F-4242-8A03-860E073F1D1B}.Release|ARM.ActiveCfg = Release|ARM
		{D4A87B22-3F7F-4242-8A03-860E073F1D1B}.Release|ARM.Build.0 = Release|ARM
		{D4A87B22-3F7F-4242-8A03-860E073F1D1B}.Release|ARM.Deploy.0 = Release|ARM
		{D4A87B22-3F7F-4242-8A03-860E073F1D1B}.Release|ARM64.ActiveCfg = Release|ARM64
		{D4A87B22-3F7F-4242-8A03-860E073F1D1B}.Release|ARM64.Build.0 = Release|ARM64
		{D4A87B22-3F7F-4242-8A03-860E073F1D1B}.Release|ARM64.Deploy.0 = Release|ARM64
		{D4A87B22-3F7F-4242-8A03-860E073F1D1B}.Release|iPhone.ActiveCfg = Release|x86
		{D4A87B22-3F7F-4242-8A03-860E073F1D1B}.Release|iPhoneSimulator.ActiveCfg = Release|x86
		{D4A87B22-3F7F-4242-8A03-860E073F1D1B}.Release|x64.ActiveCfg = Release|x64
		{D4A87B22-3F7F-4242-8A03-860E073F1D1B}.Release|x64.Build.0 = Release|x64
		{D4A87B22-3F7F-4242-8A03-860E073F1D1B}.Release|x64.Deploy.0 = Release|x64
		{D4A87B22-3F7F-4242-8A03-860E073F1D1B}.Release|x86.ActiveCfg = Release|x86
		{D4A87B22-3F7F-4242-8A03-860E073F1D1B}.Release|x86.Build.0 = Release|x86
		{D4A87B22-3F7F-4242-8A03-860E073F1D1B}.Release|x86.Deploy.0 = Release|x86
	EndGlobalSection
	GlobalSection(SolutionProperties) = preSolution
		HideSolutionNode = FALSE
	EndGlobalSection
	GlobalSection(ExtensibilityGlobals) = postSolution
		SolutionGuid = {F6D05029-56B8-4E45-AF2D-0E76295DDBA2}
	EndGlobalSection
EndGlobal
